Microsoft Visual Studio Solution File, Format Version 8.00
Project("{8BC9CEB8-8B4A-11D0-8D11-00A0C91BC942}") = "ItemThumbnailGenerator", "ItemThumbnailGenerator.vcproj", "{15945FBB-32EF-4547-A952-36AA6394A94E}"
	ProjectSection(ProjectDependencies) = postProject
		{8D451493-65C2-49C3-ADAE-ACB17E6B0650} = {8D451493-65C2-49C3-ADAE-ACB17E6B0650}
		{68FD6FF4-464A-4484-B397-0DFCC060B773} = {68FD6FF4-464A-4484-B397-0DFCC060B773}
	EndProjectSection
EndProject
Project("{8BC9CEB8-8B4A-11D0-8D11-00A0C91BC942}") = "cml", "..\cml\cml.vcproj", "{8D451493-65C2-49C3-ADAE-ACB17E6B0650}"
	ProjectSection(ProjectDependencies) = postProject
	EndProjectSection
EndProject
Project("{8BC9CEB8-8B4A-11D0-8D11-00A0C91BC942}") = "RealSpace2", "..\RealSpace2\RealSpace2.vcproj", "{68FD6FF4-464A-4484-B397-0DFCC060B773}"
	ProjectSection(ProjectDependencies) = postProject
	EndProjectSection
EndProject
Global
	GlobalSection(SolutionConfiguration) = preSolution
		_Encrypt_BRZ_Debug = _Encrypt_BRZ_Debug
		_Encrypt_BRZ_Release_publish = _Encrypt_BRZ_Release_publish
		_Encrypt_Debug = _Encrypt_Debug
		_Encrypt_JPN_Debug = _Encrypt_JPN_Debug
		_Encrypt_JPN_Release_publish = _Encrypt_JPN_Release_publish
		_Encrypt_KOR_Debug = _Encrypt_KOR_Debug
		_Encrypt_KOR_Release_publish = _Encrypt_KOR_Release_publish
		_Encrypt_USA_Debug = _Encrypt_USA_Debug
		_Encrypt_USA_Release_publish = _Encrypt_USA_Release_publish
		BRZ_Debug = BRZ_Debug
		BRZ_Release_publish = BRZ_Release_publish
		Debug = Debug
		DebugDll = DebugDll
		IND_Debug = IND_Debug
		IND_Release_publish = IND_Release_publish
		INTER_Debug = INTER_Debug
		INTER_Release_publish = INTER_Release_publish
		JPN_Debug = JPN_Debug
		JPN_Release_publish = JPN_Release_publish
		KOR_Debug = KOR_Debug
		KOR_Release_publish = KOR_Release_publish
		Release = Release
		Release_publish = Release_publish
		ReleaseDll = ReleaseDll
		USA_Debug = USA_Debug
		USA_Release_publish = USA_Release_publish
	EndGlobalSection
	GlobalSection(ProjectDependencies) = postSolution
	EndGlobalSection
	GlobalSection(ProjectConfiguration) = postSolution
		{15945FBB-32EF-4547-A952-36AA6394A94E}._Encrypt_BRZ_Debug.ActiveCfg = Debug|Win32
		{15945FBB-32EF-4547-A952-36AA6394A94E}._Encrypt_BRZ_Debug.Build.0 = Debug|Win32
		{15945FBB-32EF-4547-A952-36AA6394A94E}._Encrypt_BRZ_Release_publish.ActiveCfg = Release|Win32
		{15945FBB-32EF-4547-A952-36AA6394A94E}._Encrypt_BRZ_Release_publish.Build.0 = Release|Win32
		{15945FBB-32EF-4547-A952-36AA6394A94E}._Encrypt_Debug.ActiveCfg = Debug|Win32
		{15945FBB-32EF-4547-A952-36AA6394A94E}._Encrypt_Debug.Build.0 = Debug|Win32
		{15945FBB-32EF-4547-A952-36AA6394A94E}._Encrypt_JPN_Debug.ActiveCfg = Debug|Win32
		{15945FBB-32EF-4547-A952-36AA6394A94E}._Encrypt_JPN_Debug.Build.0 = Debug|Win32
		{15945FBB-32EF-4547-A952-36AA6394A94E}._Encrypt_JPN_Release_publish.ActiveCfg = Release|Win32
		{15945FBB-32EF-4547-A952-36AA6394A94E}._Encrypt_JPN_Release_publish.Build.0 = Release|Win32
		{15945FBB-32EF-4547-A952-36AA6394A94E}._Encrypt_KOR_Debug.ActiveCfg = Debug|Win32
		{15945FBB-32EF-4547-A952-36AA6394A94E}._Encrypt_KOR_Debug.Build.0 = Debug|Win32
		{15945FBB-32EF-4547-A952-36AA6394A94E}._Encrypt_KOR_Release_publish.ActiveCfg = Release|Win32
		{15945FBB-32EF-4547-A952-36AA6394A94E}._Encrypt_KOR_Release_publish.Build.0 = Release|Win32
		{15945FBB-32EF-4547-A952-36AA6394A94E}._Encrypt_USA_Debug.ActiveCfg = Debug|Win32
		{15945FBB-32EF-4547-A952-36AA6394A94E}._Encrypt_USA_Debug.Build.0 = Debug|Win32
		{15945FBB-32EF-4547-A952-36AA6394A94E}._Encrypt_USA_Release_publish.ActiveCfg = Release|Win32
		{15945FBB-32EF-4547-A952-36AA6394A94E}._Encrypt_USA_Release_publish.Build.0 = Release|Win32
		{15945FBB-32EF-4547-A952-36AA6394A94E}.BRZ_Debug.ActiveCfg = Debug|Win32
		{15945FBB-32EF-4547-A952-36AA6394A94E}.BRZ_Debug.Build.0 = Debug|Win32
		{15945FBB-32EF-4547-A952-36AA6394A94E}.BRZ_Release_publish.ActiveCfg = Release|Win32
		{15945FBB-32EF-4547-A952-36AA6394A94E}.BRZ_Release_publish.Build.0 = Release|Win32
		{15945FBB-32EF-4547-A952-36AA6394A94E}.Debug.ActiveCfg = Debug|Win32
		{15945FBB-32EF-4547-A952-36AA6394A94E}.Debug.Build.0 = Debug|Win32
		{15945FBB-32EF-4547-A952-36AA6394A94E}.DebugDll.ActiveCfg = Debug|Win32
		{15945FBB-32EF-4547-A952-36AA6394A94E}.DebugDll.Build.0 = Debug|Win32
		{15945FBB-32EF-4547-A952-36AA6394A94E}.IND_Debug.ActiveCfg = Debug|Win32
		{15945FBB-32EF-4547-A952-36AA6394A94E}.IND_Debug.Build.0 = Debug|Win32
		{15945FBB-32EF-4547-A952-36AA6394A94E}.IND_Release_publish.ActiveCfg = Release|Win32
		{15945FBB-32EF-4547-A952-36AA6394A94E}.IND_Release_publish.Build.0 = Release|Win32
		{15945FBB-32EF-4547-A952-36AA6394A94E}.INTER_Debug.ActiveCfg = Debug|Win32
		{15945FBB-32EF-4547-A952-36AA6394A94E}.INTER_Debug.Build.0 = Debug|Win32
		{15945FBB-32EF-4547-A952-36AA6394A94E}.INTER_Release_publish.ActiveCfg = Release|Win32
		{15945FBB-32EF-4547-A952-36AA6394A94E}.INTER_Release_publish.Build.0 = Release|Win32
		{15945FBB-32EF-4547-A952-36AA6394A94E}.JPN_Debug.ActiveCfg = Debug|Win32
		{15945FBB-32EF-4547-A952-36AA6394A94E}.JPN_Debug.Build.0 = Debug|Win32
		{15945FBB-32EF-4547-A952-36AA6394A94E}.JPN_Release_publish.ActiveCfg = Release|Win32
		{15945FBB-32EF-4547-A952-36AA6394A94E}.JPN_Release_publish.Build.0 = Release|Win32
		{15945FBB-32EF-4547-A952-36AA6394A94E}.KOR_Debug.ActiveCfg = Debug|Win32
		{15945FBB-32EF-4547-A952-36AA6394A94E}.KOR_Debug.Build.0 = Debug|Win32
		{15945FBB-32EF-4547-A952-36AA6394A94E}.KOR_Release_publish.ActiveCfg = Release|Win32
		{15945FBB-32EF-4547-A952-36AA6394A94E}.KOR_Release_publish.Build.0 = Release|Win32
		{15945FBB-32EF-4547-A952-36AA6394A94E}.Release.ActiveCfg = Release|Win32
		{15945FBB-32EF-4547-A952-36AA6394A94E}.Release.Build.0 = Release|Win32
		{15945FBB-32EF-4547-A952-36AA6394A94E}.Release_publish.ActiveCfg = Release|Win32
		{15945FBB-32EF-4547-A952-36AA6394A94E}.Release_publish.Build.0 = Release|Win32
		{15945FBB-32EF-4547-A952-36AA6394A94E}.ReleaseDll.ActiveCfg = Release|Win32
		{15945FBB-32EF-4547-A952-36AA6394A94E}.ReleaseDll.Build.0 = Release|Win32
		{15945FBB-32EF-4547-A952-36AA6394A94E}.USA_Debug.ActiveCfg = Debug|Win32
		{15945FBB-32EF-4547-A952-36AA6394A94E}.USA_Debug.Build.0 = Debug|Win32
		{15945FBB-32EF-4547-A952-36AA6394A94E}.USA_Release_publish.ActiveCfg = Release|Win32
		{15945FBB-32EF-4547-A952-36AA6394A94E}.USA_Release_publish.Build.0 = Release|Win32
		{8D451493-65C2-49C3-ADAE-ACB17E6B0650}._Encrypt_BRZ_Debug.ActiveCfg = Debug|Win32
		{8D451493-65C2-49C3-ADAE-ACB17E6B0650}._Encrypt_BRZ_Debug.Build.0 = Debug|Win32
		{8D451493-65C2-49C3-ADAE-ACB17E6B0650}._Encrypt_BRZ_Release_publish.ActiveCfg = Release|Win32
		{8D451493-65C2-49C3-ADAE-ACB17E6B0650}._Encrypt_BRZ_Release_publish.Build.0 = Release|Win32
		{8D451493-65C2-49C3-ADAE-ACB17E6B0650}._Encrypt_Debug.ActiveCfg = Debug|Win32
		{8D451493-65C2-49C3-ADAE-ACB17E6B0650}._Encrypt_Debug.Build.0 = Debug|Win32
		{8D451493-65C2-49C3-ADAE-ACB17E6B0650}._Encrypt_JPN_Debug.ActiveCfg = Debug|Win32
		{8D451493-65C2-49C3-ADAE-ACB17E6B0650}._Encrypt_JPN_Debug.Build.0 = Debug|Win32
		{8D451493-65C2-49C3-ADAE-ACB17E6B0650}._Encrypt_JPN_Release_publish.ActiveCfg = Release|Win32
		{8D451493-65C2-49C3-ADAE-ACB17E6B0650}._Encrypt_JPN_Release_publish.Build.0 = Release|Win32
		{8D451493-65C2-49C3-ADAE-ACB17E6B0650}._Encrypt_KOR_Debug.ActiveCfg = Debug|Win32
		{8D451493-65C2-49C3-ADAE-ACB17E6B0650}._Encrypt_KOR_Debug.Build.0 = Debug|Win32
		{8D451493-65C2-49C3-ADAE-ACB17E6B0650}._Encrypt_KOR_Release_publish.ActiveCfg = Release|Win32
		{8D451493-65C2-49C3-ADAE-ACB17E6B0650}._Encrypt_KOR_Release_publish.Build.0 = Release|Win32
		{8D451493-65C2-49C3-ADAE-ACB17E6B0650}._Encrypt_USA_Debug.ActiveCfg = Debug|Win32
		{8D451493-65C2-49C3-ADAE-ACB17E6B0650}._Encrypt_USA_Debug.Build.0 = Debug|Win32
		{8D451493-65C2-49C3-ADAE-ACB17E6B0650}._Encrypt_USA_Release_publish.ActiveCfg = Release|Win32
		{8D451493-65C2-49C3-ADAE-ACB17E6B0650}._Encrypt_USA_Release_publish.Build.0 = Release|Win32
		{8D451493-65C2-49C3-ADAE-ACB17E6B0650}.BRZ_Debug.ActiveCfg = Debug|Win32
		{8D451493-65C2-49C3-ADAE-ACB17E6B0650}.BRZ_Debug.Build.0 = Debug|Win32
		{8D451493-65C2-49C3-ADAE-ACB17E6B0650}.BRZ_Release_publish.ActiveCfg = Release|Win32
		{8D451493-65C2-49C3-ADAE-ACB17E6B0650}.BRZ_Release_publish.Build.0 = Release|Win32
		{8D451493-65C2-49C3-ADAE-ACB17E6B0650}.Debug.ActiveCfg = Debug|Win32
		{8D451493-65C2-49C3-ADAE-ACB17E6B0650}.Debug.Build.0 = Debug|Win32
		{8D451493-65C2-49C3-ADAE-ACB17E6B0650}.DebugDll.ActiveCfg = DebugDll|Win32
		{8D451493-65C2-49C3-ADAE-ACB17E6B0650}.DebugDll.Build.0 = DebugDll|Win32
		{8D451493-65C2-49C3-ADAE-ACB17E6B0650}.IND_Debug.ActiveCfg = Debug|Win32
		{8D451493-65C2-49C3-ADAE-ACB17E6B0650}.IND_Debug.Build.0 = Debug|Win32
		{8D451493-65C2-49C3-ADAE-ACB17E6B0650}.IND_Release_publish.ActiveCfg = Release|Win32
		{8D451493-65C2-49C3-ADAE-ACB17E6B0650}.IND_Release_publish.Build.0 = Release|Win32
		{8D451493-65C2-49C3-ADAE-ACB17E6B0650}.INTER_Debug.ActiveCfg = Debug|Win32
		{8D451493-65C2-49C3-ADAE-ACB17E6B0650}.INTER_Debug.Build.0 = Debug|Win32
		{8D451493-65C2-49C3-ADAE-ACB17E6B0650}.INTER_Release_publish.ActiveCfg = Release|Win32
		{8D451493-65C2-49C3-ADAE-ACB17E6B0650}.INTER_Release_publish.Build.0 = Release|Win32
		{8D451493-65C2-49C3-ADAE-ACB17E6B0650}.JPN_Debug.ActiveCfg = Debug|Win32
		{8D451493-65C2-49C3-ADAE-ACB17E6B0650}.JPN_Debug.Build.0 = Debug|Win32
		{8D451493-65C2-49C3-ADAE-ACB17E6B0650}.JPN_Release_publish.ActiveCfg = Release|Win32
		{8D451493-65C2-49C3-ADAE-ACB17E6B0650}.JPN_Release_publish.Build.0 = Release|Win32
		{8D451493-65C2-49C3-ADAE-ACB17E6B0650}.KOR_Debug.ActiveCfg = Debug|Win32
		{8D451493-65C2-49C3-ADAE-ACB17E6B0650}.KOR_Debug.Build.0 = Debug|Win32
		{8D451493-65C2-49C3-ADAE-ACB17E6B0650}.KOR_Release_publish.ActiveCfg = Release|Win32
		{8D451493-65C2-49C3-ADAE-ACB17E6B0650}.KOR_Release_publish.Build.0 = Release|Win32
		{8D451493-65C2-49C3-ADAE-ACB17E6B0650}.Release.ActiveCfg = Release|Win32
		{8D451493-65C2-49C3-ADAE-ACB17E6B0650}.Release.Build.0 = Release|Win32
		{8D451493-65C2-49C3-ADAE-ACB17E6B0650}.Release_publish.ActiveCfg = ReleaseDll|Win32
		{8D451493-65C2-49C3-ADAE-ACB17E6B0650}.Release_publish.Build.0 = ReleaseDll|Win32
		{8D451493-65C2-49C3-ADAE-ACB17E6B0650}.ReleaseDll.ActiveCfg = ReleaseDll|Win32
		{8D451493-65C2-49C3-ADAE-ACB17E6B0650}.ReleaseDll.Build.0 = ReleaseDll|Win32
		{8D451493-65C2-49C3-ADAE-ACB17E6B0650}.USA_Debug.ActiveCfg = Debug|Win32
		{8D451493-65C2-49C3-ADAE-ACB17E6B0650}.USA_Debug.Build.0 = Debug|Win32
		{8D451493-65C2-49C3-ADAE-ACB17E6B0650}.USA_Release_publish.ActiveCfg = Release|Win32
		{8D451493-65C2-49C3-ADAE-ACB17E6B0650}.USA_Release_publish.Build.0 = Release|Win32
		{68FD6FF4-464A-4484-B397-0DFCC060B773}._Encrypt_BRZ_Debug.ActiveCfg = Debug|Win32
		{68FD6FF4-464A-4484-B397-0DFCC060B773}._Encrypt_BRZ_Debug.Build.0 = Debug|Win32
		{68FD6FF4-464A-4484-B397-0DFCC060B773}._Encrypt_BRZ_Release_publish.ActiveCfg = Release_publish|Win32
		{68FD6FF4-464A-4484-B397-0DFCC060B773}._Encrypt_BRZ_Release_publish.Build.0 = Release_publish|Win32
		{68FD6FF4-464A-4484-B397-0DFCC060B773}._Encrypt_Debug.ActiveCfg = Debug|Win32
		{68FD6FF4-464A-4484-B397-0DFCC060B773}._Encrypt_Debug.Build.0 = Debug|Win32
		{68FD6FF4-464A-4484-B397-0DFCC060B773}._Encrypt_JPN_Debug.ActiveCfg = Debug|Win32
		{68FD6FF4-464A-4484-B397-0DFCC060B773}._Encrypt_JPN_Debug.Build.0 = Debug|Win32
		{68FD6FF4-464A-4484-B397-0DFCC060B773}._Encrypt_JPN_Release_publish.ActiveCfg = Release_publish|Win32
		{68FD6FF4-464A-4484-B397-0DFCC060B773}._Encrypt_JPN_Release_publish.Build.0 = Release_publish|Win32
		{68FD6FF4-464A-4484-B397-0DFCC060B773}._Encrypt_KOR_Debug.ActiveCfg = Debug|Win32
		{68FD6FF4-464A-4484-B397-0DFCC060B773}._Encrypt_KOR_Debug.Build.0 = Debug|Win32
		{68FD6FF4-464A-4484-B397-0DFCC060B773}._Encrypt_KOR_Release_publish.ActiveCfg = Release_publish|Win32
		{68FD6FF4-464A-4484-B397-0DFCC060B773}._Encrypt_KOR_Release_publish.Build.0 = Release_publish|Win32
		{68FD6FF4-464A-4484-B397-0DFCC060B773}._Encrypt_USA_Debug.ActiveCfg = Debug|Win32
		{68FD6FF4-464A-4484-B397-0DFCC060B773}._Encrypt_USA_Debug.Build.0 = Debug|Win32
		{68FD6FF4-464A-4484-B397-0DFCC060B773}._Encrypt_USA_Release_publish.ActiveCfg = Release_publish|Win32
		{68FD6FF4-464A-4484-B397-0DFCC060B773}._Encrypt_USA_Release_publish.Build.0 = Release_publish|Win32
		{68FD6FF4-464A-4484-B397-0DFCC060B773}.BRZ_Debug.ActiveCfg = Debug|Win32
		{68FD6FF4-464A-4484-B397-0DFCC060B773}.BRZ_Debug.Build.0 = Debug|Win32
		{68FD6FF4-464A-4484-B397-0DFCC060B773}.BRZ_Release_publish.ActiveCfg = Release_publish|Win32
		{68FD6FF4-464A-4484-B397-0DFCC060B773}.BRZ_Release_publish.Build.0 = Release_publish|Win32
		{68FD6FF4-464A-4484-B397-0DFCC060B773}.Debug.ActiveCfg = Debug|Win32
		{68FD6FF4-464A-4484-B397-0DFCC060B773}.Debug.Build.0 = Debug|Win32
		{68FD6FF4-464A-4484-B397-0DFCC060B773}.DebugDll.ActiveCfg = Debug|Win32
		{68FD6FF4-464A-4484-B397-0DFCC060B773}.DebugDll.Build.0 = Debug|Win32
		{68FD6FF4-464A-4484-B397-0DFCC060B773}.IND_Debug.ActiveCfg = Debug|Win32
		{68FD6FF4-464A-4484-B397-0DFCC060B773}.IND_Debug.Build.0 = Debug|Win32
		{68FD6FF4-464A-4484-B397-0DFCC060B773}.IND_Release_publish.ActiveCfg = Release_publish|Win32
		{68FD6FF4-464A-4484-B397-0DFCC060B773}.IND_Release_publish.Build.0 = Release_publish|Win32
		{68FD6FF4-464A-4484-B397-0DFCC060B773}.INTER_Debug.ActiveCfg = Debug|Win32
		{68FD6FF4-464A-4484-B397-0DFCC060B773}.INTER_Debug.Build.0 = Debug|Win32
		{68FD6FF4-464A-4484-B397-0DFCC060B773}.INTER_Release_publish.ActiveCfg = Release_publish|Win32
		{68FD6FF4-464A-4484-B397-0DFCC060B773}.INTER_Release_publish.Build.0 = Release_publish|Win32
		{68FD6FF4-464A-4484-B397-0DFCC060B773}.JPN_Debug.ActiveCfg = Debug|Win32
		{68FD6FF4-464A-4484-B397-0DFCC060B773}.JPN_Debug.Build.0 = Debug|Win32
		{68FD6FF4-464A-4484-B397-0DFCC060B773}.JPN_Release_publish.ActiveCfg = Release_publish|Win32
		{68FD6FF4-464A-4484-B397-0DFCC060B773}.JPN_Release_publish.Build.0 = Release_publish|Win32
		{68FD6FF4-464A-4484-B397-0DFCC060B773}.KOR_Debug.ActiveCfg = Debug|Win32
		{68FD6FF4-464A-4484-B397-0DFCC060B773}.KOR_Debug.Build.0 = Debug|Win32
		{68FD6FF4-464A-4484-B397-0DFCC060B773}.KOR_Release_publish.ActiveCfg = Release_publish|Win32
		{68FD6FF4-464A-4484-B397-0DFCC060B773}.KOR_Release_publish.Build.0 = Release_publish|Win32
		{68FD6FF4-464A-4484-B397-0DFCC060B773}.Release.ActiveCfg = Release|Win32
		{68FD6FF4-464A-4484-B397-0DFCC060B773}.Release.Build.0 = Release|Win32
		{68FD6FF4-464A-4484-B397-0DFCC060B773}.Release_publish.ActiveCfg = Release_publish|Win32
		{68FD6FF4-464A-4484-B397-0DFCC060B773}.Release_publish.Build.0 = Release_publish|Win32
		{68FD6FF4-464A-4484-B397-0DFCC060B773}.ReleaseDll.ActiveCfg = Release_publish|Win32
		{68FD6FF4-464A-4484-B397-0DFCC060B773}.ReleaseDll.Build.0 = Release_publish|Win32
		{68FD6FF4-464A-4484-B397-0DFCC060B773}.USA_Debug.ActiveCfg = Debug|Win32
		{68FD6FF4-464A-4484-B397-0DFCC060B773}.USA_Debug.Build.0 = Debug|Win32
		{68FD6FF4-464A-4484-B397-0DFCC060B773}.USA_Release_publish.ActiveCfg = Release_publish|Win32
		{68FD6FF4-464A-4484-B397-0DFCC060B773}.USA_Release_publish.Build.0 = Release_publish|Win32
	EndGlobalSection
	GlobalSection(ExtensibilityGlobals) = postSolution
	EndGlobalSection
	GlobalSection(ExtensibilityAddIns) = postSolution
	EndGlobalSection
EndGlobal
