Microsoft Visual Studio Solution File, Format Version 12.00
# Visual Studio 15
VisualStudioVersion = 15.0.26730.16
MinimumVisualStudioVersion = 10.0.40219.1
Project("{8BC9CEB8-8B4A-11D0-8D11-00A0C91BC942}") = "ServerKeeper", "ServerKeeper.vcproj", "{9B220DA0-1054-4B22-84D4-F9C248566B61}"
EndProject
Project("{8BC9CEB8-8B4A-11D0-8D11-00A0C91BC942}") = "cml", "..\cml\cml.vcxproj", "{8D451493-65C2-49C3-ADAE-ACB17E6B0650}"
EndProject
Project("{8BC9CEB8-8B4A-11D0-8D11-00A0C91BC942}") = "CSCommon", "..\CSCommon\CSCommon.vcxproj", "{CBD109C1-1AA3-4A57-B439-9919C08FAAA5}"
EndProject
Project("{8BC9CEB8-8B4A-11D0-8D11-00A0C91BC942}") = "SafeUDP", "..\SafeUDP\SafeUDP.vcxproj", "{6C8069BD-5E8C-41EC-8BD9-2F819291BA67}"
EndProject
Project("{8BC9CEB8-8B4A-11D0-8D11-00A0C91BC942}") = "MDatabase", "..\MDatabase\MDatabase.vcxproj", "{98475FA7-BEA2-42EE-9B1C-31D9684D237B}"
EndProject
Project("{8BC9CEB8-8B4A-11D0-8D11-00A0C91BC942}") = "MCountryFilter", "..\MCountryFilter\MCountryFilter.vcxproj", "{43FAAF56-EA88-4D3F-95B7-14A0582F3290}"
EndProject
Global
	GlobalSection(SolutionConfigurationPlatforms) = preSolution
		_Encrypt_BRZ_Debug|x64 = _Encrypt_BRZ_Debug|x64
		_Encrypt_BRZ_Debug|x86 = _Encrypt_BRZ_Debug|x86
		_Encrypt_BRZ_Release_publish|x64 = _Encrypt_BRZ_Release_publish|x64
		_Encrypt_BRZ_Release_publish|x86 = _Encrypt_BRZ_Release_publish|x86
		_Encrypt_Debug|x64 = _Encrypt_Debug|x64
		_Encrypt_Debug|x86 = _Encrypt_Debug|x86
		_Encrypt_JPN_Debug|x64 = _Encrypt_JPN_Debug|x64
		_Encrypt_JPN_Debug|x86 = _Encrypt_JPN_Debug|x86
		_Encrypt_JPN_Release_publish|x64 = _Encrypt_JPN_Release_publish|x64
		_Encrypt_JPN_Release_publish|x86 = _Encrypt_JPN_Release_publish|x86
		_Encrypt_KOR_Debug|x64 = _Encrypt_KOR_Debug|x64
		_Encrypt_KOR_Debug|x86 = _Encrypt_KOR_Debug|x86
		_Encrypt_KOR_Release_publish|x64 = _Encrypt_KOR_Release_publish|x64
		_Encrypt_KOR_Release_publish|x86 = _Encrypt_KOR_Release_publish|x86
		_Encrypt_USA_Debug|x64 = _Encrypt_USA_Debug|x64
		_Encrypt_USA_Debug|x86 = _Encrypt_USA_Debug|x86
		_Encrypt_USA_Release_publish|x64 = _Encrypt_USA_Release_publish|x64
		_Encrypt_USA_Release_publish|x86 = _Encrypt_USA_Release_publish|x86
		BRZ_Debug|x64 = BRZ_Debug|x64
		BRZ_Debug|x86 = BRZ_Debug|x86
		BRZ_Release_publish|x64 = BRZ_Release_publish|x64
		BRZ_Release_publish|x86 = BRZ_Release_publish|x86
		Debug_tracememory|x64 = Debug_tracememory|x64
		Debug_tracememory|x86 = Debug_tracememory|x86
		Debug|x64 = Debug|x64
		Debug|x86 = Debug|x86
		DebugDll|x64 = DebugDll|x64
		DebugDll|x86 = DebugDll|x86
		IND_Debug|x64 = IND_Debug|x64
		IND_Debug|x86 = IND_Debug|x86
		IND_Release_publish|x64 = IND_Release_publish|x64
		IND_Release_publish|x86 = IND_Release_publish|x86
		INTER_Debug|x64 = INTER_Debug|x64
		INTER_Debug|x86 = INTER_Debug|x86
		INTER_Release_publish|x64 = INTER_Release_publish|x64
		INTER_Release_publish|x86 = INTER_Release_publish|x86
		JPN_Debug|x64 = JPN_Debug|x64
		JPN_Debug|x86 = JPN_Debug|x86
		JPN_Release_publish|x64 = JPN_Release_publish|x64
		JPN_Release_publish|x86 = JPN_Release_publish|x86
		KOR_Debug|x64 = KOR_Debug|x64
		KOR_Debug|x86 = KOR_Debug|x86
		KOR_Release_publish|x64 = KOR_Release_publish|x64
		KOR_Release_publish|x86 = KOR_Release_publish|x86
		Release_HShield|x64 = Release_HShield|x64
		Release_HShield|x86 = Release_HShield|x86
		Release_publish|x64 = Release_publish|x64
		Release_publish|x86 = Release_publish|x86
		Release_tracememory|x64 = Release_tracememory|x64
		Release_tracememory|x86 = Release_tracememory|x86
		Release|x64 = Release|x64
		Release|x86 = Release|x86
		ReleaseDll|x64 = ReleaseDll|x64
		ReleaseDll|x86 = ReleaseDll|x86
		USA_Debug|x64 = USA_Debug|x64
		USA_Debug|x86 = USA_Debug|x86
		USA_Release_publish|x64 = USA_Release_publish|x64
		USA_Release_publish|x86 = USA_Release_publish|x86
		z_BRZ_Debug|x64 = z_BRZ_Debug|x64
		z_BRZ_Debug|x86 = z_BRZ_Debug|x86
		z_BRZ_Release_publish|x64 = z_BRZ_Release_publish|x64
		z_BRZ_Release_publish|x86 = z_BRZ_Release_publish|x86
		z_IND_Debug|x64 = z_IND_Debug|x64
		z_IND_Debug|x86 = z_IND_Debug|x86
		z_IND_Release_publish|x64 = z_IND_Release_publish|x64
		z_IND_Release_publish|x86 = z_IND_Release_publish|x86
	EndGlobalSection
	GlobalSection(ProjectConfigurationPlatforms) = postSolution
		{9B220DA0-1054-4B22-84D4-F9C248566B61}._Encrypt_BRZ_Debug|x64.ActiveCfg = Release|Win32
		{9B220DA0-1054-4B22-84D4-F9C248566B61}._Encrypt_BRZ_Debug|x64.Build.0 = Release|Win32
		{9B220DA0-1054-4B22-84D4-F9C248566B61}._Encrypt_BRZ_Debug|x86.ActiveCfg = Debug|Win32
		{9B220DA0-1054-4B22-84D4-F9C248566B61}._Encrypt_BRZ_Debug|x86.Build.0 = Debug|Win32
		{9B220DA0-1054-4B22-84D4-F9C248566B61}._Encrypt_BRZ_Release_publish|x64.ActiveCfg = Release|Win32
		{9B220DA0-1054-4B22-84D4-F9C248566B61}._Encrypt_BRZ_Release_publish|x64.Build.0 = Release|Win32
		{9B220DA0-1054-4B22-84D4-F9C248566B61}._Encrypt_BRZ_Release_publish|x86.ActiveCfg = Release|Win32
		{9B220DA0-1054-4B22-84D4-F9C248566B61}._Encrypt_BRZ_Release_publish|x86.Build.0 = Release|Win32
		{9B220DA0-1054-4B22-84D4-F9C248566B61}._Encrypt_Debug|x64.ActiveCfg = Release|Win32
		{9B220DA0-1054-4B22-84D4-F9C248566B61}._Encrypt_Debug|x64.Build.0 = Release|Win32
		{9B220DA0-1054-4B22-84D4-F9C248566B61}._Encrypt_Debug|x86.ActiveCfg = Debug|Win32
		{9B220DA0-1054-4B22-84D4-F9C248566B61}._Encrypt_Debug|x86.Build.0 = Debug|Win32
		{9B220DA0-1054-4B22-84D4-F9C248566B61}._Encrypt_JPN_Debug|x64.ActiveCfg = Release|Win32
		{9B220DA0-1054-4B22-84D4-F9C248566B61}._Encrypt_JPN_Debug|x64.Build.0 = Release|Win32
		{9B220DA0-1054-4B22-84D4-F9C248566B61}._Encrypt_JPN_Debug|x86.ActiveCfg = Debug|Win32
		{9B220DA0-1054-4B22-84D4-F9C248566B61}._Encrypt_JPN_Debug|x86.Build.0 = Debug|Win32
		{9B220DA0-1054-4B22-84D4-F9C248566B61}._Encrypt_JPN_Release_publish|x64.ActiveCfg = Release|Win32
		{9B220DA0-1054-4B22-84D4-F9C248566B61}._Encrypt_JPN_Release_publish|x64.Build.0 = Release|Win32
		{9B220DA0-1054-4B22-84D4-F9C248566B61}._Encrypt_JPN_Release_publish|x86.ActiveCfg = Release|Win32
		{9B220DA0-1054-4B22-84D4-F9C248566B61}._Encrypt_JPN_Release_publish|x86.Build.0 = Release|Win32
		{9B220DA0-1054-4B22-84D4-F9C248566B61}._Encrypt_KOR_Debug|x64.ActiveCfg = Release|Win32
		{9B220DA0-1054-4B22-84D4-F9C248566B61}._Encrypt_KOR_Debug|x64.Build.0 = Release|Win32
		{9B220DA0-1054-4B22-84D4-F9C248566B61}._Encrypt_KOR_Debug|x86.ActiveCfg = Debug|Win32
		{9B220DA0-1054-4B22-84D4-F9C248566B61}._Encrypt_KOR_Debug|x86.Build.0 = Debug|Win32
		{9B220DA0-1054-4B22-84D4-F9C248566B61}._Encrypt_KOR_Release_publish|x64.ActiveCfg = Release|Win32
		{9B220DA0-1054-4B22-84D4-F9C248566B61}._Encrypt_KOR_Release_publish|x64.Build.0 = Release|Win32
		{9B220DA0-1054-4B22-84D4-F9C248566B61}._Encrypt_KOR_Release_publish|x86.ActiveCfg = Release|Win32
		{9B220DA0-1054-4B22-84D4-F9C248566B61}._Encrypt_KOR_Release_publish|x86.Build.0 = Release|Win32
		{9B220DA0-1054-4B22-84D4-F9C248566B61}._Encrypt_USA_Debug|x64.ActiveCfg = Release|Win32
		{9B220DA0-1054-4B22-84D4-F9C248566B61}._Encrypt_USA_Debug|x64.Build.0 = Release|Win32
		{9B220DA0-1054-4B22-84D4-F9C248566B61}._Encrypt_USA_Debug|x86.ActiveCfg = Debug|Win32
		{9B220DA0-1054-4B22-84D4-F9C248566B61}._Encrypt_USA_Debug|x86.Build.0 = Debug|Win32
		{9B220DA0-1054-4B22-84D4-F9C248566B61}._Encrypt_USA_Release_publish|x64.ActiveCfg = Release|Win32
		{9B220DA0-1054-4B22-84D4-F9C248566B61}._Encrypt_USA_Release_publish|x64.Build.0 = Release|Win32
		{9B220DA0-1054-4B22-84D4-F9C248566B61}._Encrypt_USA_Release_publish|x86.ActiveCfg = Release|Win32
		{9B220DA0-1054-4B22-84D4-F9C248566B61}._Encrypt_USA_Release_publish|x86.Build.0 = Release|Win32
		{9B220DA0-1054-4B22-84D4-F9C248566B61}.BRZ_Debug|x64.ActiveCfg = Release|Win32
		{9B220DA0-1054-4B22-84D4-F9C248566B61}.BRZ_Debug|x64.Build.0 = Release|Win32
		{9B220DA0-1054-4B22-84D4-F9C248566B61}.BRZ_Debug|x86.ActiveCfg = Debug|Win32
		{9B220DA0-1054-4B22-84D4-F9C248566B61}.BRZ_Debug|x86.Build.0 = Debug|Win32
		{9B220DA0-1054-4B22-84D4-F9C248566B61}.BRZ_Release_publish|x64.ActiveCfg = Release|Win32
		{9B220DA0-1054-4B22-84D4-F9C248566B61}.BRZ_Release_publish|x64.Build.0 = Release|Win32
		{9B220DA0-1054-4B22-84D4-F9C248566B61}.BRZ_Release_publish|x86.ActiveCfg = Release|Win32
		{9B220DA0-1054-4B22-84D4-F9C248566B61}.BRZ_Release_publish|x86.Build.0 = Release|Win32
		{9B220DA0-1054-4B22-84D4-F9C248566B61}.Debug_tracememory|x64.ActiveCfg = Debug|Win32
		{9B220DA0-1054-4B22-84D4-F9C248566B61}.Debug_tracememory|x64.Build.0 = Debug|Win32
		{9B220DA0-1054-4B22-84D4-F9C248566B61}.Debug_tracememory|x86.ActiveCfg = Debug|Win32
		{9B220DA0-1054-4B22-84D4-F9C248566B61}.Debug_tracememory|x86.Build.0 = Debug|Win32
		{9B220DA0-1054-4B22-84D4-F9C248566B61}.Debug|x64.ActiveCfg = Debug|Win32
		{9B220DA0-1054-4B22-84D4-F9C248566B61}.Debug|x64.Build.0 = Debug|Win32
		{9B220DA0-1054-4B22-84D4-F9C248566B61}.Debug|x86.ActiveCfg = Debug|Win32
		{9B220DA0-1054-4B22-84D4-F9C248566B61}.Debug|x86.Build.0 = Debug|Win32
		{9B220DA0-1054-4B22-84D4-F9C248566B61}.DebugDll|x64.ActiveCfg = Release|Win32
		{9B220DA0-1054-4B22-84D4-F9C248566B61}.DebugDll|x64.Build.0 = Release|Win32
		{9B220DA0-1054-4B22-84D4-F9C248566B61}.DebugDll|x86.ActiveCfg = Debug|Win32
		{9B220DA0-1054-4B22-84D4-F9C248566B61}.DebugDll|x86.Build.0 = Debug|Win32
		{9B220DA0-1054-4B22-84D4-F9C248566B61}.IND_Debug|x64.ActiveCfg = Release|Win32
		{9B220DA0-1054-4B22-84D4-F9C248566B61}.IND_Debug|x64.Build.0 = Release|Win32
		{9B220DA0-1054-4B22-84D4-F9C248566B61}.IND_Debug|x86.ActiveCfg = Debug|Win32
		{9B220DA0-1054-4B22-84D4-F9C248566B61}.IND_Debug|x86.Build.0 = Debug|Win32
		{9B220DA0-1054-4B22-84D4-F9C248566B61}.IND_Release_publish|x64.ActiveCfg = Release|Win32
		{9B220DA0-1054-4B22-84D4-F9C248566B61}.IND_Release_publish|x64.Build.0 = Release|Win32
		{9B220DA0-1054-4B22-84D4-F9C248566B61}.IND_Release_publish|x86.ActiveCfg = Release|Win32
		{9B220DA0-1054-4B22-84D4-F9C248566B61}.IND_Release_publish|x86.Build.0 = Release|Win32
		{9B220DA0-1054-4B22-84D4-F9C248566B61}.INTER_Debug|x64.ActiveCfg = Release|Win32
		{9B220DA0-1054-4B22-84D4-F9C248566B61}.INTER_Debug|x64.Build.0 = Release|Win32
		{9B220DA0-1054-4B22-84D4-F9C248566B61}.INTER_Debug|x86.ActiveCfg = Debug|Win32
		{9B220DA0-1054-4B22-84D4-F9C248566B61}.INTER_Debug|x86.Build.0 = Debug|Win32
		{9B220DA0-1054-4B22-84D4-F9C248566B61}.INTER_Release_publish|x64.ActiveCfg = Release|Win32
		{9B220DA0-1054-4B22-84D4-F9C248566B61}.INTER_Release_publish|x64.Build.0 = Release|Win32
		{9B220DA0-1054-4B22-84D4-F9C248566B61}.INTER_Release_publish|x86.ActiveCfg = Release|Win32
		{9B220DA0-1054-4B22-84D4-F9C248566B61}.INTER_Release_publish|x86.Build.0 = Release|Win32
		{9B220DA0-1054-4B22-84D4-F9C248566B61}.JPN_Debug|x64.ActiveCfg = Release|Win32
		{9B220DA0-1054-4B22-84D4-F9C248566B61}.JPN_Debug|x64.Build.0 = Release|Win32
		{9B220DA0-1054-4B22-84D4-F9C248566B61}.JPN_Debug|x86.ActiveCfg = Debug|Win32
		{9B220DA0-1054-4B22-84D4-F9C248566B61}.JPN_Debug|x86.Build.0 = Debug|Win32
		{9B220DA0-1054-4B22-84D4-F9C248566B61}.JPN_Release_publish|x64.ActiveCfg = Release|Win32
		{9B220DA0-1054-4B22-84D4-F9C248566B61}.JPN_Release_publish|x64.Build.0 = Release|Win32
		{9B220DA0-1054-4B22-84D4-F9C248566B61}.JPN_Release_publish|x86.ActiveCfg = Release|Win32
		{9B220DA0-1054-4B22-84D4-F9C248566B61}.JPN_Release_publish|x86.Build.0 = Release|Win32
		{9B220DA0-1054-4B22-84D4-F9C248566B61}.KOR_Debug|x64.ActiveCfg = Release|Win32
		{9B220DA0-1054-4B22-84D4-F9C248566B61}.KOR_Debug|x64.Build.0 = Release|Win32
		{9B220DA0-1054-4B22-84D4-F9C248566B61}.KOR_Debug|x86.ActiveCfg = Debug|Win32
		{9B220DA0-1054-4B22-84D4-F9C248566B61}.KOR_Debug|x86.Build.0 = Debug|Win32
		{9B220DA0-1054-4B22-84D4-F9C248566B61}.KOR_Release_publish|x64.ActiveCfg = Release|Win32
		{9B220DA0-1054-4B22-84D4-F9C248566B61}.KOR_Release_publish|x64.Build.0 = Release|Win32
		{9B220DA0-1054-4B22-84D4-F9C248566B61}.KOR_Release_publish|x86.ActiveCfg = Release|Win32
		{9B220DA0-1054-4B22-84D4-F9C248566B61}.KOR_Release_publish|x86.Build.0 = Release|Win32
		{9B220DA0-1054-4B22-84D4-F9C248566B61}.Release_HShield|x64.ActiveCfg = Release|Win32
		{9B220DA0-1054-4B22-84D4-F9C248566B61}.Release_HShield|x64.Build.0 = Release|Win32
		{9B220DA0-1054-4B22-84D4-F9C248566B61}.Release_HShield|x86.ActiveCfg = Release|Win32
		{9B220DA0-1054-4B22-84D4-F9C248566B61}.Release_HShield|x86.Build.0 = Release|Win32
		{9B220DA0-1054-4B22-84D4-F9C248566B61}.Release_publish|x64.ActiveCfg = Release|Win32
		{9B220DA0-1054-4B22-84D4-F9C248566B61}.Release_publish|x64.Build.0 = Release|Win32
		{9B220DA0-1054-4B22-84D4-F9C248566B61}.Release_publish|x86.ActiveCfg = Release|Win32
		{9B220DA0-1054-4B22-84D4-F9C248566B61}.Release_publish|x86.Build.0 = Release|Win32
		{9B220DA0-1054-4B22-84D4-F9C248566B61}.Release_tracememory|x64.ActiveCfg = Release|Win32
		{9B220DA0-1054-4B22-84D4-F9C248566B61}.Release_tracememory|x64.Build.0 = Release|Win32
		{9B220DA0-1054-4B22-84D4-F9C248566B61}.Release_tracememory|x86.ActiveCfg = Release|Win32
		{9B220DA0-1054-4B22-84D4-F9C248566B61}.Release_tracememory|x86.Build.0 = Release|Win32
		{9B220DA0-1054-4B22-84D4-F9C248566B61}.Release|x64.ActiveCfg = Release|Win32
		{9B220DA0-1054-4B22-84D4-F9C248566B61}.Release|x64.Build.0 = Release|Win32
		{9B220DA0-1054-4B22-84D4-F9C248566B61}.Release|x86.ActiveCfg = Release|Win32
		{9B220DA0-1054-4B22-84D4-F9C248566B61}.Release|x86.Build.0 = Release|Win32
		{9B220DA0-1054-4B22-84D4-F9C248566B61}.ReleaseDll|x64.ActiveCfg = Release|Win32
		{9B220DA0-1054-4B22-84D4-F9C248566B61}.ReleaseDll|x64.Build.0 = Release|Win32
		{9B220DA0-1054-4B22-84D4-F9C248566B61}.ReleaseDll|x86.ActiveCfg = Release|Win32
		{9B220DA0-1054-4B22-84D4-F9C248566B61}.ReleaseDll|x86.Build.0 = Release|Win32
		{9B220DA0-1054-4B22-84D4-F9C248566B61}.USA_Debug|x64.ActiveCfg = Release|Win32
		{9B220DA0-1054-4B22-84D4-F9C248566B61}.USA_Debug|x64.Build.0 = Release|Win32
		{9B220DA0-1054-4B22-84D4-F9C248566B61}.USA_Debug|x86.ActiveCfg = Debug|Win32
		{9B220DA0-1054-4B22-84D4-F9C248566B61}.USA_Debug|x86.Build.0 = Debug|Win32
		{9B220DA0-1054-4B22-84D4-F9C248566B61}.USA_Release_publish|x64.ActiveCfg = Release|Win32
		{9B220DA0-1054-4B22-84D4-F9C248566B61}.USA_Release_publish|x64.Build.0 = Release|Win32
		{9B220DA0-1054-4B22-84D4-F9C248566B61}.USA_Release_publish|x86.ActiveCfg = Release|Win32
		{9B220DA0-1054-4B22-84D4-F9C248566B61}.USA_Release_publish|x86.Build.0 = Release|Win32
		{9B220DA0-1054-4B22-84D4-F9C248566B61}.z_BRZ_Debug|x64.ActiveCfg = Debug|Win32
		{9B220DA0-1054-4B22-84D4-F9C248566B61}.z_BRZ_Debug|x64.Build.0 = Debug|Win32
		{9B220DA0-1054-4B22-84D4-F9C248566B61}.z_BRZ_Debug|x86.ActiveCfg = Debug|Win32
		{9B220DA0-1054-4B22-84D4-F9C248566B61}.z_BRZ_Debug|x86.Build.0 = Debug|Win32
		{9B220DA0-1054-4B22-84D4-F9C248566B61}.z_BRZ_Release_publish|x64.ActiveCfg = Release|Win32
		{9B220DA0-1054-4B22-84D4-F9C248566B61}.z_BRZ_Release_publish|x64.Build.0 = Release|Win32
		{9B220DA0-1054-4B22-84D4-F9C248566B61}.z_BRZ_Release_publish|x86.ActiveCfg = Release|Win32
		{9B220DA0-1054-4B22-84D4-F9C248566B61}.z_BRZ_Release_publish|x86.Build.0 = Release|Win32
		{9B220DA0-1054-4B22-84D4-F9C248566B61}.z_IND_Debug|x64.ActiveCfg = Debug|Win32
		{9B220DA0-1054-4B22-84D4-F9C248566B61}.z_IND_Debug|x64.Build.0 = Debug|Win32
		{9B220DA0-1054-4B22-84D4-F9C248566B61}.z_IND_Debug|x86.ActiveCfg = Debug|Win32
		{9B220DA0-1054-4B22-84D4-F9C248566B61}.z_IND_Debug|x86.Build.0 = Debug|Win32
		{9B220DA0-1054-4B22-84D4-F9C248566B61}.z_IND_Release_publish|x64.ActiveCfg = Release|Win32
		{9B220DA0-1054-4B22-84D4-F9C248566B61}.z_IND_Release_publish|x64.Build.0 = Release|Win32
		{9B220DA0-1054-4B22-84D4-F9C248566B61}.z_IND_Release_publish|x86.ActiveCfg = Release|Win32
		{9B220DA0-1054-4B22-84D4-F9C248566B61}.z_IND_Release_publish|x86.Build.0 = Release|Win32
		{8D451493-65C2-49C3-ADAE-ACB17E6B0650}._Encrypt_BRZ_Debug|x64.ActiveCfg = Debug|x64
		{8D451493-65C2-49C3-ADAE-ACB17E6B0650}._Encrypt_BRZ_Debug|x64.Build.0 = Debug|x64
		{8D451493-65C2-49C3-ADAE-ACB17E6B0650}._Encrypt_BRZ_Debug|x86.ActiveCfg = Debug|Win32
		{8D451493-65C2-49C3-ADAE-ACB17E6B0650}._Encrypt_BRZ_Debug|x86.Build.0 = Debug|Win32
		{8D451493-65C2-49C3-ADAE-ACB17E6B0650}._Encrypt_BRZ_Release_publish|x64.ActiveCfg = Release|x64
		{8D451493-65C2-49C3-ADAE-ACB17E6B0650}._Encrypt_BRZ_Release_publish|x64.Build.0 = Release|x64
		{8D451493-65C2-49C3-ADAE-ACB17E6B0650}._Encrypt_BRZ_Release_publish|x86.ActiveCfg = Release_publish|Win32
		{8D451493-65C2-49C3-ADAE-ACB17E6B0650}._Encrypt_BRZ_Release_publish|x86.Build.0 = Release_publish|Win32
		{8D451493-65C2-49C3-ADAE-ACB17E6B0650}._Encrypt_Debug|x64.ActiveCfg = Debug|x64
		{8D451493-65C2-49C3-ADAE-ACB17E6B0650}._Encrypt_Debug|x64.Build.0 = Debug|x64
		{8D451493-65C2-49C3-ADAE-ACB17E6B0650}._Encrypt_Debug|x86.ActiveCfg = Debug|Win32
		{8D451493-65C2-49C3-ADAE-ACB17E6B0650}._Encrypt_Debug|x86.Build.0 = Debug|Win32
		{8D451493-65C2-49C3-ADAE-ACB17E6B0650}._Encrypt_JPN_Debug|x64.ActiveCfg = Debug|x64
		{8D451493-65C2-49C3-ADAE-ACB17E6B0650}._Encrypt_JPN_Debug|x64.Build.0 = Debug|x64
		{8D451493-65C2-49C3-ADAE-ACB17E6B0650}._Encrypt_JPN_Debug|x86.ActiveCfg = Debug|Win32
		{8D451493-65C2-49C3-ADAE-ACB17E6B0650}._Encrypt_JPN_Debug|x86.Build.0 = Debug|Win32
		{8D451493-65C2-49C3-ADAE-ACB17E6B0650}._Encrypt_JPN_Release_publish|x64.ActiveCfg = Release|x64
		{8D451493-65C2-49C3-ADAE-ACB17E6B0650}._Encrypt_JPN_Release_publish|x64.Build.0 = Release|x64
		{8D451493-65C2-49C3-ADAE-ACB17E6B0650}._Encrypt_JPN_Release_publish|x86.ActiveCfg = Release_publish|Win32
		{8D451493-65C2-49C3-ADAE-ACB17E6B0650}._Encrypt_JPN_Release_publish|x86.Build.0 = Release_publish|Win32
		{8D451493-65C2-49C3-ADAE-ACB17E6B0650}._Encrypt_KOR_Debug|x64.ActiveCfg = Debug|x64
		{8D451493-65C2-49C3-ADAE-ACB17E6B0650}._Encrypt_KOR_Debug|x64.Build.0 = Debug|x64
		{8D451493-65C2-49C3-ADAE-ACB17E6B0650}._Encrypt_KOR_Debug|x86.ActiveCfg = Debug|Win32
		{8D451493-65C2-49C3-ADAE-ACB17E6B0650}._Encrypt_KOR_Debug|x86.Build.0 = Debug|Win32
		{8D451493-65C2-49C3-ADAE-ACB17E6B0650}._Encrypt_KOR_Release_publish|x64.ActiveCfg = Release|x64
		{8D451493-65C2-49C3-ADAE-ACB17E6B0650}._Encrypt_KOR_Release_publish|x64.Build.0 = Release|x64
		{8D451493-65C2-49C3-ADAE-ACB17E6B0650}._Encrypt_KOR_Release_publish|x86.ActiveCfg = Release_publish|Win32
		{8D451493-65C2-49C3-ADAE-ACB17E6B0650}._Encrypt_KOR_Release_publish|x86.Build.0 = Release_publish|Win32
		{8D451493-65C2-49C3-ADAE-ACB17E6B0650}._Encrypt_USA_Debug|x64.ActiveCfg = Debug|x64
		{8D451493-65C2-49C3-ADAE-ACB17E6B0650}._Encrypt_USA_Debug|x64.Build.0 = Debug|x64
		{8D451493-65C2-49C3-ADAE-ACB17E6B0650}._Encrypt_USA_Debug|x86.ActiveCfg = Debug|Win32
		{8D451493-65C2-49C3-ADAE-ACB17E6B0650}._Encrypt_USA_Debug|x86.Build.0 = Debug|Win32
		{8D451493-65C2-49C3-ADAE-ACB17E6B0650}._Encrypt_USA_Release_publish|x64.ActiveCfg = Release|x64
		{8D451493-65C2-49C3-ADAE-ACB17E6B0650}._Encrypt_USA_Release_publish|x64.Build.0 = Release|x64
		{8D451493-65C2-49C3-ADAE-ACB17E6B0650}._Encrypt_USA_Release_publish|x86.ActiveCfg = Release_publish|Win32
		{8D451493-65C2-49C3-ADAE-ACB17E6B0650}._Encrypt_USA_Release_publish|x86.Build.0 = Release_publish|Win32
		{8D451493-65C2-49C3-ADAE-ACB17E6B0650}.BRZ_Debug|x64.ActiveCfg = Debug|x64
		{8D451493-65C2-49C3-ADAE-ACB17E6B0650}.BRZ_Debug|x64.Build.0 = Debug|x64
		{8D451493-65C2-49C3-ADAE-ACB17E6B0650}.BRZ_Debug|x86.ActiveCfg = z_BRZ_Debug|Win32
		{8D451493-65C2-49C3-ADAE-ACB17E6B0650}.BRZ_Debug|x86.Build.0 = z_BRZ_Debug|Win32
		{8D451493-65C2-49C3-ADAE-ACB17E6B0650}.BRZ_Release_publish|x64.ActiveCfg = Release|x64
		{8D451493-65C2-49C3-ADAE-ACB17E6B0650}.BRZ_Release_publish|x64.Build.0 = Release|x64
		{8D451493-65C2-49C3-ADAE-ACB17E6B0650}.BRZ_Release_publish|x86.ActiveCfg = z_BRZ_Release_publish|Win32
		{8D451493-65C2-49C3-ADAE-ACB17E6B0650}.BRZ_Release_publish|x86.Build.0 = z_BRZ_Release_publish|Win32
		{8D451493-65C2-49C3-ADAE-ACB17E6B0650}.Debug_tracememory|x64.ActiveCfg = Debug_tracememory|Win32
		{8D451493-65C2-49C3-ADAE-ACB17E6B0650}.Debug_tracememory|x64.Build.0 = Debug_tracememory|Win32
		{8D451493-65C2-49C3-ADAE-ACB17E6B0650}.Debug_tracememory|x86.ActiveCfg = Debug_tracememory|Win32
		{8D451493-65C2-49C3-ADAE-ACB17E6B0650}.Debug_tracememory|x86.Build.0 = Debug_tracememory|Win32
		{8D451493-65C2-49C3-ADAE-ACB17E6B0650}.Debug|x64.ActiveCfg = Debug|x64
		{8D451493-65C2-49C3-ADAE-ACB17E6B0650}.Debug|x64.Build.0 = Debug|x64
		{8D451493-65C2-49C3-ADAE-ACB17E6B0650}.Debug|x86.ActiveCfg = Debug|Win32
		{8D451493-65C2-49C3-ADAE-ACB17E6B0650}.Debug|x86.Build.0 = Debug|Win32
		{8D451493-65C2-49C3-ADAE-ACB17E6B0650}.DebugDll|x64.ActiveCfg = DebugDll|x64
		{8D451493-65C2-49C3-ADAE-ACB17E6B0650}.DebugDll|x64.Build.0 = DebugDll|x64
		{8D451493-65C2-49C3-ADAE-ACB17E6B0650}.DebugDll|x86.ActiveCfg = DebugDll|Win32
		{8D451493-65C2-49C3-ADAE-ACB17E6B0650}.DebugDll|x86.Build.0 = DebugDll|Win32
		{8D451493-65C2-49C3-ADAE-ACB17E6B0650}.IND_Debug|x64.ActiveCfg = Debug|x64
		{8D451493-65C2-49C3-ADAE-ACB17E6B0650}.IND_Debug|x64.Build.0 = Debug|x64
		{8D451493-65C2-49C3-ADAE-ACB17E6B0650}.IND_Debug|x86.ActiveCfg = z_IND_Debug|Win32
		{8D451493-65C2-49C3-ADAE-ACB17E6B0650}.IND_Debug|x86.Build.0 = z_IND_Debug|Win32
		{8D451493-65C2-49C3-ADAE-ACB17E6B0650}.IND_Release_publish|x64.ActiveCfg = Release|x64
		{8D451493-65C2-49C3-ADAE-ACB17E6B0650}.IND_Release_publish|x64.Build.0 = Release|x64
		{8D451493-65C2-49C3-ADAE-ACB17E6B0650}.IND_Release_publish|x86.ActiveCfg = z_IND_Release_publish|Win32
		{8D451493-65C2-49C3-ADAE-ACB17E6B0650}.IND_Release_publish|x86.Build.0 = z_IND_Release_publish|Win32
		{8D451493-65C2-49C3-ADAE-ACB17E6B0650}.INTER_Debug|x64.ActiveCfg = Debug|x64
		{8D451493-65C2-49C3-ADAE-ACB17E6B0650}.INTER_Debug|x64.Build.0 = Debug|x64
		{8D451493-65C2-49C3-ADAE-ACB17E6B0650}.INTER_Debug|x86.ActiveCfg = Debug|Win32
		{8D451493-65C2-49C3-ADAE-ACB17E6B0650}.INTER_Debug|x86.Build.0 = Debug|Win32
		{8D451493-65C2-49C3-ADAE-ACB17E6B0650}.INTER_Release_publish|x64.ActiveCfg = Release|x64
		{8D451493-65C2-49C3-ADAE-ACB17E6B0650}.INTER_Release_publish|x64.Build.0 = Release|x64
		{8D451493-65C2-49C3-ADAE-ACB17E6B0650}.INTER_Release_publish|x86.ActiveCfg = Release_publish|Win32
		{8D451493-65C2-49C3-ADAE-ACB17E6B0650}.INTER_Release_publish|x86.Build.0 = Release_publish|Win32
		{8D451493-65C2-49C3-ADAE-ACB17E6B0650}.JPN_Debug|x64.ActiveCfg = Debug|x64
		{8D451493-65C2-49C3-ADAE-ACB17E6B0650}.JPN_Debug|x64.Build.0 = Debug|x64
		{8D451493-65C2-49C3-ADAE-ACB17E6B0650}.JPN_Debug|x86.ActiveCfg = Debug|Win32
		{8D451493-65C2-49C3-ADAE-ACB17E6B0650}.JPN_Debug|x86.Build.0 = Debug|Win32
		{8D451493-65C2-49C3-ADAE-ACB17E6B0650}.JPN_Release_publish|x64.ActiveCfg = Release|x64
		{8D451493-65C2-49C3-ADAE-ACB17E6B0650}.JPN_Release_publish|x64.Build.0 = Release|x64
		{8D451493-65C2-49C3-ADAE-ACB17E6B0650}.JPN_Release_publish|x86.ActiveCfg = Release_publish|Win32
		{8D451493-65C2-49C3-ADAE-ACB17E6B0650}.JPN_Release_publish|x86.Build.0 = Release_publish|Win32
		{8D451493-65C2-49C3-ADAE-ACB17E6B0650}.KOR_Debug|x64.ActiveCfg = Debug|x64
		{8D451493-65C2-49C3-ADAE-ACB17E6B0650}.KOR_Debug|x64.Build.0 = Debug|x64
		{8D451493-65C2-49C3-ADAE-ACB17E6B0650}.KOR_Debug|x86.ActiveCfg = Debug|Win32
		{8D451493-65C2-49C3-ADAE-ACB17E6B0650}.KOR_Debug|x86.Build.0 = Debug|Win32
		{8D451493-65C2-49C3-ADAE-ACB17E6B0650}.KOR_Release_publish|x64.ActiveCfg = Release|x64
		{8D451493-65C2-49C3-ADAE-ACB17E6B0650}.KOR_Release_publish|x64.Build.0 = Release|x64
		{8D451493-65C2-49C3-ADAE-ACB17E6B0650}.KOR_Release_publish|x86.ActiveCfg = Release_publish|Win32
		{8D451493-65C2-49C3-ADAE-ACB17E6B0650}.KOR_Release_publish|x86.Build.0 = Release_publish|Win32
		{8D451493-65C2-49C3-ADAE-ACB17E6B0650}.Release_HShield|x64.ActiveCfg = Release_HShield|Win32
		{8D451493-65C2-49C3-ADAE-ACB17E6B0650}.Release_HShield|x64.Build.0 = Release_HShield|Win32
		{8D451493-65C2-49C3-ADAE-ACB17E6B0650}.Release_HShield|x86.ActiveCfg = Release_HShield|Win32
		{8D451493-65C2-49C3-ADAE-ACB17E6B0650}.Release_HShield|x86.Build.0 = Release_HShield|Win32
		{8D451493-65C2-49C3-ADAE-ACB17E6B0650}.Release_publish|x64.ActiveCfg = Release_publish|Win32
		{8D451493-65C2-49C3-ADAE-ACB17E6B0650}.Release_publish|x64.Build.0 = Release_publish|Win32
		{8D451493-65C2-49C3-ADAE-ACB17E6B0650}.Release_publish|x86.ActiveCfg = Release_publish|Win32
		{8D451493-65C2-49C3-ADAE-ACB17E6B0650}.Release_publish|x86.Build.0 = Release_publish|Win32
		{8D451493-65C2-49C3-ADAE-ACB17E6B0650}.Release_tracememory|x64.ActiveCfg = Release_tracememory|Win32
		{8D451493-65C2-49C3-ADAE-ACB17E6B0650}.Release_tracememory|x64.Build.0 = Release_tracememory|Win32
		{8D451493-65C2-49C3-ADAE-ACB17E6B0650}.Release_tracememory|x86.ActiveCfg = Release_tracememory|Win32
		{8D451493-65C2-49C3-ADAE-ACB17E6B0650}.Release_tracememory|x86.Build.0 = Release_tracememory|Win32
		{8D451493-65C2-49C3-ADAE-ACB17E6B0650}.Release|x64.ActiveCfg = Release|x64
		{8D451493-65C2-49C3-ADAE-ACB17E6B0650}.Release|x64.Build.0 = Release|x64
		{8D451493-65C2-49C3-ADAE-ACB17E6B0650}.Release|x86.ActiveCfg = Release|Win32
		{8D451493-65C2-49C3-ADAE-ACB17E6B0650}.Release|x86.Build.0 = Release|Win32
		{8D451493-65C2-49C3-ADAE-ACB17E6B0650}.ReleaseDll|x64.ActiveCfg = ReleaseDll|x64
		{8D451493-65C2-49C3-ADAE-ACB17E6B0650}.ReleaseDll|x64.Build.0 = ReleaseDll|x64
		{8D451493-65C2-49C3-ADAE-ACB17E6B0650}.ReleaseDll|x86.ActiveCfg = ReleaseDll|Win32
		{8D451493-65C2-49C3-ADAE-ACB17E6B0650}.ReleaseDll|x86.Build.0 = ReleaseDll|Win32
		{8D451493-65C2-49C3-ADAE-ACB17E6B0650}.USA_Debug|x64.ActiveCfg = Debug|x64
		{8D451493-65C2-49C3-ADAE-ACB17E6B0650}.USA_Debug|x64.Build.0 = Debug|x64
		{8D451493-65C2-49C3-ADAE-ACB17E6B0650}.USA_Debug|x86.ActiveCfg = Debug|Win32
		{8D451493-65C2-49C3-ADAE-ACB17E6B0650}.USA_Debug|x86.Build.0 = Debug|Win32
		{8D451493-65C2-49C3-ADAE-ACB17E6B0650}.USA_Release_publish|x64.ActiveCfg = Release|x64
		{8D451493-65C2-49C3-ADAE-ACB17E6B0650}.USA_Release_publish|x64.Build.0 = Release|x64
		{8D451493-65C2-49C3-ADAE-ACB17E6B0650}.USA_Release_publish|x86.ActiveCfg = Release_publish|Win32
		{8D451493-65C2-49C3-ADAE-ACB17E6B0650}.USA_Release_publish|x86.Build.0 = Release_publish|Win32
		{8D451493-65C2-49C3-ADAE-ACB17E6B0650}.z_BRZ_Debug|x64.ActiveCfg = z_BRZ_Debug|Win32
		{8D451493-65C2-49C3-ADAE-ACB17E6B0650}.z_BRZ_Debug|x64.Build.0 = z_BRZ_Debug|Win32
		{8D451493-65C2-49C3-ADAE-ACB17E6B0650}.z_BRZ_Debug|x86.ActiveCfg = z_BRZ_Debug|Win32
		{8D451493-65C2-49C3-ADAE-ACB17E6B0650}.z_BRZ_Debug|x86.Build.0 = z_BRZ_Debug|Win32
		{8D451493-65C2-49C3-ADAE-ACB17E6B0650}.z_BRZ_Release_publish|x64.ActiveCfg = z_BRZ_Release_publish|Win32
		{8D451493-65C2-49C3-ADAE-ACB17E6B0650}.z_BRZ_Release_publish|x64.Build.0 = z_BRZ_Release_publish|Win32
		{8D451493-65C2-49C3-ADAE-ACB17E6B0650}.z_BRZ_Release_publish|x86.ActiveCfg = z_BRZ_Release_publish|Win32
		{8D451493-65C2-49C3-ADAE-ACB17E6B0650}.z_BRZ_Release_publish|x86.Build.0 = z_BRZ_Release_publish|Win32
		{8D451493-65C2-49C3-ADAE-ACB17E6B0650}.z_IND_Debug|x64.ActiveCfg = z_IND_Debug|Win32
		{8D451493-65C2-49C3-ADAE-ACB17E6B0650}.z_IND_Debug|x64.Build.0 = z_IND_Debug|Win32
		{8D451493-65C2-49C3-ADAE-ACB17E6B0650}.z_IND_Debug|x86.ActiveCfg = z_IND_Debug|Win32
		{8D451493-65C2-49C3-ADAE-ACB17E6B0650}.z_IND_Debug|x86.Build.0 = z_IND_Debug|Win32
		{8D451493-65C2-49C3-ADAE-ACB17E6B0650}.z_IND_Release_publish|x64.ActiveCfg = z_IND_Release_publish|Win32
		{8D451493-65C2-49C3-ADAE-ACB17E6B0650}.z_IND_Release_publish|x64.Build.0 = z_IND_Release_publish|Win32
		{8D451493-65C2-49C3-ADAE-ACB17E6B0650}.z_IND_Release_publish|x86.ActiveCfg = z_IND_Release_publish|Win32
		{8D451493-65C2-49C3-ADAE-ACB17E6B0650}.z_IND_Release_publish|x86.Build.0 = z_IND_Release_publish|Win32
		{CBD109C1-1AA3-4A57-B439-9919C08FAAA5}._Encrypt_BRZ_Debug|x64.ActiveCfg = _Encrypt_BRZ_Debug|x64
		{CBD109C1-1AA3-4A57-B439-9919C08FAAA5}._Encrypt_BRZ_Debug|x64.Build.0 = _Encrypt_BRZ_Debug|x64
		{CBD109C1-1AA3-4A57-B439-9919C08FAAA5}._Encrypt_BRZ_Debug|x86.ActiveCfg = _Encrypt_BRZ_Debug|Win32
		{CBD109C1-1AA3-4A57-B439-9919C08FAAA5}._Encrypt_BRZ_Debug|x86.Build.0 = _Encrypt_BRZ_Debug|Win32
		{CBD109C1-1AA3-4A57-B439-9919C08FAAA5}._Encrypt_BRZ_Release_publish|x64.ActiveCfg = _Encrypt_BRZ_Release_publish|x64
		{CBD109C1-1AA3-4A57-B439-9919C08FAAA5}._Encrypt_BRZ_Release_publish|x64.Build.0 = _Encrypt_BRZ_Release_publish|x64
		{CBD109C1-1AA3-4A57-B439-9919C08FAAA5}._Encrypt_BRZ_Release_publish|x86.ActiveCfg = _Encrypt_BRZ_Release_publish|Win32
		{CBD109C1-1AA3-4A57-B439-9919C08FAAA5}._Encrypt_BRZ_Release_publish|x86.Build.0 = _Encrypt_BRZ_Release_publish|Win32
		{CBD109C1-1AA3-4A57-B439-9919C08FAAA5}._Encrypt_Debug|x64.ActiveCfg = _Encrypt_Debug|x64
		{CBD109C1-1AA3-4A57-B439-9919C08FAAA5}._Encrypt_Debug|x64.Build.0 = _Encrypt_Debug|x64
		{CBD109C1-1AA3-4A57-B439-9919C08FAAA5}._Encrypt_Debug|x86.ActiveCfg = _Encrypt_Debug|Win32
		{CBD109C1-1AA3-4A57-B439-9919C08FAAA5}._Encrypt_Debug|x86.Build.0 = _Encrypt_Debug|Win32
		{CBD109C1-1AA3-4A57-B439-9919C08FAAA5}._Encrypt_JPN_Debug|x64.ActiveCfg = _Encrypt_JPN_Debug|x64
		{CBD109C1-1AA3-4A57-B439-9919C08FAAA5}._Encrypt_JPN_Debug|x64.Build.0 = _Encrypt_JPN_Debug|x64
		{CBD109C1-1AA3-4A57-B439-9919C08FAAA5}._Encrypt_JPN_Debug|x86.ActiveCfg = _Encrypt_JPN_Debug|Win32
		{CBD109C1-1AA3-4A57-B439-9919C08FAAA5}._Encrypt_JPN_Debug|x86.Build.0 = _Encrypt_JPN_Debug|Win32
		{CBD109C1-1AA3-4A57-B439-9919C08FAAA5}._Encrypt_JPN_Release_publish|x64.ActiveCfg = _Encrypt_JPN_Release_publish|x64
		{CBD109C1-1AA3-4A57-B439-9919C08FAAA5}._Encrypt_JPN_Release_publish|x64.Build.0 = _Encrypt_JPN_Release_publish|x64
		{CBD109C1-1AA3-4A57-B439-9919C08FAAA5}._Encrypt_JPN_Release_publish|x86.ActiveCfg = _Encrypt_JPN_Release_publish|Win32
		{CBD109C1-1AA3-4A57-B439-9919C08FAAA5}._Encrypt_JPN_Release_publish|x86.Build.0 = _Encrypt_JPN_Release_publish|Win32
		{CBD109C1-1AA3-4A57-B439-9919C08FAAA5}._Encrypt_KOR_Debug|x64.ActiveCfg = _Encrypt_KOR_Debug|x64
		{CBD109C1-1AA3-4A57-B439-9919C08FAAA5}._Encrypt_KOR_Debug|x64.Build.0 = _Encrypt_KOR_Debug|x64
		{CBD109C1-1AA3-4A57-B439-9919C08FAAA5}._Encrypt_KOR_Debug|x86.ActiveCfg = _Encrypt_KOR_Debug|Win32
		{CBD109C1-1AA3-4A57-B439-9919C08FAAA5}._Encrypt_KOR_Debug|x86.Build.0 = _Encrypt_KOR_Debug|Win32
		{CBD109C1-1AA3-4A57-B439-9919C08FAAA5}._Encrypt_KOR_Release_publish|x64.ActiveCfg = _Encrypt_KOR_Release_publish|x64
		{CBD109C1-1AA3-4A57-B439-9919C08FAAA5}._Encrypt_KOR_Release_publish|x64.Build.0 = _Encrypt_KOR_Release_publish|x64
		{CBD109C1-1AA3-4A57-B439-9919C08FAAA5}._Encrypt_KOR_Release_publish|x86.ActiveCfg = _Encrypt_KOR_Release_publish|Win32
		{CBD109C1-1AA3-4A57-B439-9919C08FAAA5}._Encrypt_KOR_Release_publish|x86.Build.0 = _Encrypt_KOR_Release_publish|Win32
		{CBD109C1-1AA3-4A57-B439-9919C08FAAA5}._Encrypt_USA_Debug|x64.ActiveCfg = _Encrypt_USA_Debug|x64
		{CBD109C1-1AA3-4A57-B439-9919C08FAAA5}._Encrypt_USA_Debug|x64.Build.0 = _Encrypt_USA_Debug|x64
		{CBD109C1-1AA3-4A57-B439-9919C08FAAA5}._Encrypt_USA_Debug|x86.ActiveCfg = _Encrypt_USA_Debug|Win32
		{CBD109C1-1AA3-4A57-B439-9919C08FAAA5}._Encrypt_USA_Debug|x86.Build.0 = _Encrypt_USA_Debug|Win32
		{CBD109C1-1AA3-4A57-B439-9919C08FAAA5}._Encrypt_USA_Release_publish|x64.ActiveCfg = _Encrypt_USA_Release_publish|x64
		{CBD109C1-1AA3-4A57-B439-9919C08FAAA5}._Encrypt_USA_Release_publish|x64.Build.0 = _Encrypt_USA_Release_publish|x64
		{CBD109C1-1AA3-4A57-B439-9919C08FAAA5}._Encrypt_USA_Release_publish|x86.ActiveCfg = _Encrypt_USA_Release_publish|Win32
		{CBD109C1-1AA3-4A57-B439-9919C08FAAA5}._Encrypt_USA_Release_publish|x86.Build.0 = _Encrypt_USA_Release_publish|Win32
		{CBD109C1-1AA3-4A57-B439-9919C08FAAA5}.BRZ_Debug|x64.ActiveCfg = BRZ_Debug|x64
		{CBD109C1-1AA3-4A57-B439-9919C08FAAA5}.BRZ_Debug|x64.Build.0 = BRZ_Debug|x64
		{CBD109C1-1AA3-4A57-B439-9919C08FAAA5}.BRZ_Debug|x86.ActiveCfg = BRZ_Debug|Win32
		{CBD109C1-1AA3-4A57-B439-9919C08FAAA5}.BRZ_Debug|x86.Build.0 = BRZ_Debug|Win32
		{CBD109C1-1AA3-4A57-B439-9919C08FAAA5}.BRZ_Release_publish|x64.ActiveCfg = BRZ_Release_publish|x64
		{CBD109C1-1AA3-4A57-B439-9919C08FAAA5}.BRZ_Release_publish|x64.Build.0 = BRZ_Release_publish|x64
		{CBD109C1-1AA3-4A57-B439-9919C08FAAA5}.BRZ_Release_publish|x86.ActiveCfg = BRZ_Release_publish|Win32
		{CBD109C1-1AA3-4A57-B439-9919C08FAAA5}.BRZ_Release_publish|x86.Build.0 = BRZ_Release_publish|Win32
		{CBD109C1-1AA3-4A57-B439-9919C08FAAA5}.Debug_tracememory|x64.ActiveCfg = Debug|x64
		{CBD109C1-1AA3-4A57-B439-9919C08FAAA5}.Debug_tracememory|x64.Build.0 = Debug|x64
		{CBD109C1-1AA3-4A57-B439-9919C08FAAA5}.Debug_tracememory|x86.ActiveCfg = Debug|Win32
		{CBD109C1-1AA3-4A57-B439-9919C08FAAA5}.Debug_tracememory|x86.Build.0 = Debug|Win32
		{CBD109C1-1AA3-4A57-B439-9919C08FAAA5}.Debug|x64.ActiveCfg = Debug|x64
		{CBD109C1-1AA3-4A57-B439-9919C08FAAA5}.Debug|x64.Build.0 = Debug|x64
		{CBD109C1-1AA3-4A57-B439-9919C08FAAA5}.Debug|x86.ActiveCfg = Debug|Win32
		{CBD109C1-1AA3-4A57-B439-9919C08FAAA5}.Debug|x86.Build.0 = Debug|Win32
		{CBD109C1-1AA3-4A57-B439-9919C08FAAA5}.DebugDll|x64.ActiveCfg = Debug|x64
		{CBD109C1-1AA3-4A57-B439-9919C08FAAA5}.DebugDll|x64.Build.0 = Debug|x64
		{CBD109C1-1AA3-4A57-B439-9919C08FAAA5}.DebugDll|x86.ActiveCfg = Debug|Win32
		{CBD109C1-1AA3-4A57-B439-9919C08FAAA5}.DebugDll|x86.Build.0 = Debug|Win32
		{CBD109C1-1AA3-4A57-B439-9919C08FAAA5}.IND_Debug|x64.ActiveCfg = IND_Debug|x64
		{CBD109C1-1AA3-4A57-B439-9919C08FAAA5}.IND_Debug|x64.Build.0 = IND_Debug|x64
		{CBD109C1-1AA3-4A57-B439-9919C08FAAA5}.IND_Debug|x86.ActiveCfg = IND_Debug|Win32
		{CBD109C1-1AA3-4A57-B439-9919C08FAAA5}.IND_Debug|x86.Build.0 = IND_Debug|Win32
		{CBD109C1-1AA3-4A57-B439-9919C08FAAA5}.IND_Release_publish|x64.ActiveCfg = IND_Release_publish|x64
		{CBD109C1-1AA3-4A57-B439-9919C08FAAA5}.IND_Release_publish|x64.Build.0 = IND_Release_publish|x64
		{CBD109C1-1AA3-4A57-B439-9919C08FAAA5}.IND_Release_publish|x86.ActiveCfg = IND_Release_publish|Win32
		{CBD109C1-1AA3-4A57-B439-9919C08FAAA5}.IND_Release_publish|x86.Build.0 = IND_Release_publish|Win32
		{CBD109C1-1AA3-4A57-B439-9919C08FAAA5}.INTER_Debug|x64.ActiveCfg = INTER_Debug|x64
		{CBD109C1-1AA3-4A57-B439-9919C08FAAA5}.INTER_Debug|x64.Build.0 = INTER_Debug|x64
		{CBD109C1-1AA3-4A57-B439-9919C08FAAA5}.INTER_Debug|x86.ActiveCfg = INTER_Debug|Win32
		{CBD109C1-1AA3-4A57-B439-9919C08FAAA5}.INTER_Debug|x86.Build.0 = INTER_Debug|Win32
		{CBD109C1-1AA3-4A57-B439-9919C08FAAA5}.INTER_Release_publish|x64.ActiveCfg = INTER_Release_publish|x64
		{CBD109C1-1AA3-4A57-B439-9919C08FAAA5}.INTER_Release_publish|x64.Build.0 = INTER_Release_publish|x64
		{CBD109C1-1AA3-4A57-B439-9919C08FAAA5}.INTER_Release_publish|x86.ActiveCfg = INTER_Release_publish|Win32
		{CBD109C1-1AA3-4A57-B439-9919C08FAAA5}.INTER_Release_publish|x86.Build.0 = INTER_Release_publish|Win32
		{CBD109C1-1AA3-4A57-B439-9919C08FAAA5}.JPN_Debug|x64.ActiveCfg = JPN_Debug|x64
		{CBD109C1-1AA3-4A57-B439-9919C08FAAA5}.JPN_Debug|x64.Build.0 = JPN_Debug|x64
		{CBD109C1-1AA3-4A57-B439-9919C08FAAA5}.JPN_Debug|x86.ActiveCfg = JPN_Debug|Win32
		{CBD109C1-1AA3-4A57-B439-9919C08FAAA5}.JPN_Debug|x86.Build.0 = JPN_Debug|Win32
		{CBD109C1-1AA3-4A57-B439-9919C08FAAA5}.JPN_Release_publish|x64.ActiveCfg = JPN_Release_publish|x64
		{CBD109C1-1AA3-4A57-B439-9919C08FAAA5}.JPN_Release_publish|x64.Build.0 = JPN_Release_publish|x64
		{CBD109C1-1AA3-4A57-B439-9919C08FAAA5}.JPN_Release_publish|x86.ActiveCfg = JPN_Release_publish|Win32
		{CBD109C1-1AA3-4A57-B439-9919C08FAAA5}.JPN_Release_publish|x86.Build.0 = JPN_Release_publish|Win32
		{CBD109C1-1AA3-4A57-B439-9919C08FAAA5}.KOR_Debug|x64.ActiveCfg = KOR_Debug|x64
		{CBD109C1-1AA3-4A57-B439-9919C08FAAA5}.KOR_Debug|x64.Build.0 = KOR_Debug|x64
		{CBD109C1-1AA3-4A57-B439-9919C08FAAA5}.KOR_Debug|x86.ActiveCfg = KOR_Debug|Win32
		{CBD109C1-1AA3-4A57-B439-9919C08FAAA5}.KOR_Debug|x86.Build.0 = KOR_Debug|Win32
		{CBD109C1-1AA3-4A57-B439-9919C08FAAA5}.KOR_Release_publish|x64.ActiveCfg = KOR_Release_publish|x64
		{CBD109C1-1AA3-4A57-B439-9919C08FAAA5}.KOR_Release_publish|x64.Build.0 = KOR_Release_publish|x64
		{CBD109C1-1AA3-4A57-B439-9919C08FAAA5}.KOR_Release_publish|x86.ActiveCfg = KOR_Release_publish|Win32
		{CBD109C1-1AA3-4A57-B439-9919C08FAAA5}.KOR_Release_publish|x86.Build.0 = KOR_Release_publish|Win32
		{CBD109C1-1AA3-4A57-B439-9919C08FAAA5}.Release_HShield|x64.ActiveCfg = Release_HShield|Win32
		{CBD109C1-1AA3-4A57-B439-9919C08FAAA5}.Release_HShield|x64.Build.0 = Release_HShield|Win32
		{CBD109C1-1AA3-4A57-B439-9919C08FAAA5}.Release_HShield|x86.ActiveCfg = Release_HShield|Win32
		{CBD109C1-1AA3-4A57-B439-9919C08FAAA5}.Release_HShield|x86.Build.0 = Release_HShield|Win32
		{CBD109C1-1AA3-4A57-B439-9919C08FAAA5}.Release_publish|x64.ActiveCfg = Release|Win32
		{CBD109C1-1AA3-4A57-B439-9919C08FAAA5}.Release_publish|x64.Build.0 = Release|Win32
		{CBD109C1-1AA3-4A57-B439-9919C08FAAA5}.Release_publish|x86.ActiveCfg = Release|Win32
		{CBD109C1-1AA3-4A57-B439-9919C08FAAA5}.Release_publish|x86.Build.0 = Release|Win32
		{CBD109C1-1AA3-4A57-B439-9919C08FAAA5}.Release_tracememory|x64.ActiveCfg = Release|Win32
		{CBD109C1-1AA3-4A57-B439-9919C08FAAA5}.Release_tracememory|x64.Build.0 = Release|Win32
		{CBD109C1-1AA3-4A57-B439-9919C08FAAA5}.Release_tracememory|x86.ActiveCfg = Release|Win32
		{CBD109C1-1AA3-4A57-B439-9919C08FAAA5}.Release_tracememory|x86.Build.0 = Release|Win32
		{CBD109C1-1AA3-4A57-B439-9919C08FAAA5}.Release|x64.ActiveCfg = KOR_Release_publish|x64
		{CBD109C1-1AA3-4A57-B439-9919C08FAAA5}.Release|x64.Build.0 = KOR_Release_publish|x64
		{CBD109C1-1AA3-4A57-B439-9919C08FAAA5}.Release|x86.ActiveCfg = KOR_Release_publish|Win32
		{CBD109C1-1AA3-4A57-B439-9919C08FAAA5}.Release|x86.Build.0 = KOR_Release_publish|Win32
		{CBD109C1-1AA3-4A57-B439-9919C08FAAA5}.ReleaseDll|x64.ActiveCfg = IND_Debug|x64
		{CBD109C1-1AA3-4A57-B439-9919C08FAAA5}.ReleaseDll|x64.Build.0 = IND_Debug|x64
		{CBD109C1-1AA3-4A57-B439-9919C08FAAA5}.ReleaseDll|x86.ActiveCfg = Release|Win32
		{CBD109C1-1AA3-4A57-B439-9919C08FAAA5}.ReleaseDll|x86.Build.0 = Release|Win32
		{CBD109C1-1AA3-4A57-B439-9919C08FAAA5}.USA_Debug|x64.ActiveCfg = USA_Debug|x64
		{CBD109C1-1AA3-4A57-B439-9919C08FAAA5}.USA_Debug|x64.Build.0 = USA_Debug|x64
		{CBD109C1-1AA3-4A57-B439-9919C08FAAA5}.USA_Debug|x86.ActiveCfg = USA_Debug|Win32
		{CBD109C1-1AA3-4A57-B439-9919C08FAAA5}.USA_Debug|x86.Build.0 = USA_Debug|Win32
		{CBD109C1-1AA3-4A57-B439-9919C08FAAA5}.USA_Release_publish|x64.ActiveCfg = USA_Release_publish|x64
		{CBD109C1-1AA3-4A57-B439-9919C08FAAA5}.USA_Release_publish|x64.Build.0 = USA_Release_publish|x64
		{CBD109C1-1AA3-4A57-B439-9919C08FAAA5}.USA_Release_publish|x86.ActiveCfg = USA_Release_publish|Win32
		{CBD109C1-1AA3-4A57-B439-9919C08FAAA5}.USA_Release_publish|x86.Build.0 = USA_Release_publish|Win32
		{CBD109C1-1AA3-4A57-B439-9919C08FAAA5}.z_BRZ_Debug|x64.ActiveCfg = z_BRZ_Debug|Win32
		{CBD109C1-1AA3-4A57-B439-9919C08FAAA5}.z_BRZ_Debug|x64.Build.0 = z_BRZ_Debug|Win32
		{CBD109C1-1AA3-4A57-B439-9919C08FAAA5}.z_BRZ_Debug|x86.ActiveCfg = z_BRZ_Debug|Win32
		{CBD109C1-1AA3-4A57-B439-9919C08FAAA5}.z_BRZ_Debug|x86.Build.0 = z_BRZ_Debug|Win32
		{CBD109C1-1AA3-4A57-B439-9919C08FAAA5}.z_BRZ_Release_publish|x64.ActiveCfg = z_BRZ_Release_publish|Win32
		{CBD109C1-1AA3-4A57-B439-9919C08FAAA5}.z_BRZ_Release_publish|x64.Build.0 = z_BRZ_Release_publish|Win32
		{CBD109C1-1AA3-4A57-B439-9919C08FAAA5}.z_BRZ_Release_publish|x86.ActiveCfg = z_BRZ_Release_publish|Win32
		{CBD109C1-1AA3-4A57-B439-9919C08FAAA5}.z_BRZ_Release_publish|x86.Build.0 = z_BRZ_Release_publish|Win32
		{CBD109C1-1AA3-4A57-B439-9919C08FAAA5}.z_IND_Debug|x64.ActiveCfg = z_IND_Debug|Win32
		{CBD109C1-1AA3-4A57-B439-9919C08FAAA5}.z_IND_Debug|x64.Build.0 = z_IND_Debug|Win32
		{CBD109C1-1AA3-4A57-B439-9919C08FAAA5}.z_IND_Debug|x86.ActiveCfg = z_IND_Debug|Win32
		{CBD109C1-1AA3-4A57-B439-9919C08FAAA5}.z_IND_Debug|x86.Build.0 = z_IND_Debug|Win32
		{CBD109C1-1AA3-4A57-B439-9919C08FAAA5}.z_IND_Release_publish|x64.ActiveCfg = z_IND_Release_publish|Win32
		{CBD109C1-1AA3-4A57-B439-9919C08FAAA5}.z_IND_Release_publish|x64.Build.0 = z_IND_Release_publish|Win32
		{CBD109C1-1AA3-4A57-B439-9919C08FAAA5}.z_IND_Release_publish|x86.ActiveCfg = z_IND_Release_publish|Win32
		{CBD109C1-1AA3-4A57-B439-9919C08FAAA5}.z_IND_Release_publish|x86.Build.0 = z_IND_Release_publish|Win32
		{6C8069BD-5E8C-41EC-8BD9-2F819291BA67}._Encrypt_BRZ_Debug|x64.ActiveCfg = Debug|x64
		{6C8069BD-5E8C-41EC-8BD9-2F819291BA67}._Encrypt_BRZ_Debug|x64.Build.0 = Debug|x64
		{6C8069BD-5E8C-41EC-8BD9-2F819291BA67}._Encrypt_BRZ_Debug|x86.ActiveCfg = Debug|Win32
		{6C8069BD-5E8C-41EC-8BD9-2F819291BA67}._Encrypt_BRZ_Debug|x86.Build.0 = Debug|Win32
		{6C8069BD-5E8C-41EC-8BD9-2F819291BA67}._Encrypt_BRZ_Release_publish|x64.ActiveCfg = Release|x64
		{6C8069BD-5E8C-41EC-8BD9-2F819291BA67}._Encrypt_BRZ_Release_publish|x64.Build.0 = Release|x64
		{6C8069BD-5E8C-41EC-8BD9-2F819291BA67}._Encrypt_BRZ_Release_publish|x86.ActiveCfg = Release|Win32
		{6C8069BD-5E8C-41EC-8BD9-2F819291BA67}._Encrypt_BRZ_Release_publish|x86.Build.0 = Release|Win32
		{6C8069BD-5E8C-41EC-8BD9-2F819291BA67}._Encrypt_Debug|x64.ActiveCfg = Debug|x64
		{6C8069BD-5E8C-41EC-8BD9-2F819291BA67}._Encrypt_Debug|x64.Build.0 = Debug|x64
		{6C8069BD-5E8C-41EC-8BD9-2F819291BA67}._Encrypt_Debug|x86.ActiveCfg = Debug|Win32
		{6C8069BD-5E8C-41EC-8BD9-2F819291BA67}._Encrypt_Debug|x86.Build.0 = Debug|Win32
		{6C8069BD-5E8C-41EC-8BD9-2F819291BA67}._Encrypt_JPN_Debug|x64.ActiveCfg = Debug|x64
		{6C8069BD-5E8C-41EC-8BD9-2F819291BA67}._Encrypt_JPN_Debug|x64.Build.0 = Debug|x64
		{6C8069BD-5E8C-41EC-8BD9-2F819291BA67}._Encrypt_JPN_Debug|x86.ActiveCfg = Debug|Win32
		{6C8069BD-5E8C-41EC-8BD9-2F819291BA67}._Encrypt_JPN_Debug|x86.Build.0 = Debug|Win32
		{6C8069BD-5E8C-41EC-8BD9-2F819291BA67}._Encrypt_JPN_Release_publish|x64.ActiveCfg = Release|x64
		{6C8069BD-5E8C-41EC-8BD9-2F819291BA67}._Encrypt_JPN_Release_publish|x64.Build.0 = Release|x64
		{6C8069BD-5E8C-41EC-8BD9-2F819291BA67}._Encrypt_JPN_Release_publish|x86.ActiveCfg = Release|Win32
		{6C8069BD-5E8C-41EC-8BD9-2F819291BA67}._Encrypt_JPN_Release_publish|x86.Build.0 = Release|Win32
		{6C8069BD-5E8C-41EC-8BD9-2F819291BA67}._Encrypt_KOR_Debug|x64.ActiveCfg = Debug|x64
		{6C8069BD-5E8C-41EC-8BD9-2F819291BA67}._Encrypt_KOR_Debug|x64.Build.0 = Debug|x64
		{6C8069BD-5E8C-41EC-8BD9-2F819291BA67}._Encrypt_KOR_Debug|x86.ActiveCfg = Debug|Win32
		{6C8069BD-5E8C-41EC-8BD9-2F819291BA67}._Encrypt_KOR_Debug|x86.Build.0 = Debug|Win32
		{6C8069BD-5E8C-41EC-8BD9-2F819291BA67}._Encrypt_KOR_Release_publish|x64.ActiveCfg = Release|x64
		{6C8069BD-5E8C-41EC-8BD9-2F819291BA67}._Encrypt_KOR_Release_publish|x64.Build.0 = Release|x64
		{6C8069BD-5E8C-41EC-8BD9-2F819291BA67}._Encrypt_KOR_Release_publish|x86.ActiveCfg = Release|Win32
		{6C8069BD-5E8C-41EC-8BD9-2F819291BA67}._Encrypt_KOR_Release_publish|x86.Build.0 = Release|Win32
		{6C8069BD-5E8C-41EC-8BD9-2F819291BA67}._Encrypt_USA_Debug|x64.ActiveCfg = Debug|x64
		{6C8069BD-5E8C-41EC-8BD9-2F819291BA67}._Encrypt_USA_Debug|x64.Build.0 = Debug|x64
		{6C8069BD-5E8C-41EC-8BD9-2F819291BA67}._Encrypt_USA_Debug|x86.ActiveCfg = Debug|Win32
		{6C8069BD-5E8C-41EC-8BD9-2F819291BA67}._Encrypt_USA_Debug|x86.Build.0 = Debug|Win32
		{6C8069BD-5E8C-41EC-8BD9-2F819291BA67}._Encrypt_USA_Release_publish|x64.ActiveCfg = Release|x64
		{6C8069BD-5E8C-41EC-8BD9-2F819291BA67}._Encrypt_USA_Release_publish|x64.Build.0 = Release|x64
		{6C8069BD-5E8C-41EC-8BD9-2F819291BA67}._Encrypt_USA_Release_publish|x86.ActiveCfg = Release|Win32
		{6C8069BD-5E8C-41EC-8BD9-2F819291BA67}._Encrypt_USA_Release_publish|x86.Build.0 = Release|Win32
		{6C8069BD-5E8C-41EC-8BD9-2F819291BA67}.BRZ_Debug|x64.ActiveCfg = Debug|x64
		{6C8069BD-5E8C-41EC-8BD9-2F819291BA67}.BRZ_Debug|x64.Build.0 = Debug|x64
		{6C8069BD-5E8C-41EC-8BD9-2F819291BA67}.BRZ_Debug|x86.ActiveCfg = z_BRZ_Debug|Win32
		{6C8069BD-5E8C-41EC-8BD9-2F819291BA67}.BRZ_Debug|x86.Build.0 = z_BRZ_Debug|Win32
		{6C8069BD-5E8C-41EC-8BD9-2F819291BA67}.BRZ_Release_publish|x64.ActiveCfg = Release|x64
		{6C8069BD-5E8C-41EC-8BD9-2F819291BA67}.BRZ_Release_publish|x64.Build.0 = Release|x64
		{6C8069BD-5E8C-41EC-8BD9-2F819291BA67}.BRZ_Release_publish|x86.ActiveCfg = z_BRZ_Release_publish|Win32
		{6C8069BD-5E8C-41EC-8BD9-2F819291BA67}.BRZ_Release_publish|x86.Build.0 = z_BRZ_Release_publish|Win32
		{6C8069BD-5E8C-41EC-8BD9-2F819291BA67}.Debug_tracememory|x64.ActiveCfg = Debug|x64
		{6C8069BD-5E8C-41EC-8BD9-2F819291BA67}.Debug_tracememory|x64.Build.0 = Debug|x64
		{6C8069BD-5E8C-41EC-8BD9-2F819291BA67}.Debug_tracememory|x86.ActiveCfg = Debug|Win32
		{6C8069BD-5E8C-41EC-8BD9-2F819291BA67}.Debug_tracememory|x86.Build.0 = Debug|Win32
		{6C8069BD-5E8C-41EC-8BD9-2F819291BA67}.Debug|x64.ActiveCfg = Debug|x64
		{6C8069BD-5E8C-41EC-8BD9-2F819291BA67}.Debug|x64.Build.0 = Debug|x64
		{6C8069BD-5E8C-41EC-8BD9-2F819291BA67}.Debug|x86.ActiveCfg = Debug|Win32
		{6C8069BD-5E8C-41EC-8BD9-2F819291BA67}.Debug|x86.Build.0 = Debug|Win32
		{6C8069BD-5E8C-41EC-8BD9-2F819291BA67}.DebugDll|x64.ActiveCfg = Debug|x64
		{6C8069BD-5E8C-41EC-8BD9-2F819291BA67}.DebugDll|x64.Build.0 = Debug|x64
		{6C8069BD-5E8C-41EC-8BD9-2F819291BA67}.DebugDll|x86.ActiveCfg = Debug|Win32
		{6C8069BD-5E8C-41EC-8BD9-2F819291BA67}.DebugDll|x86.Build.0 = Debug|Win32
		{6C8069BD-5E8C-41EC-8BD9-2F819291BA67}.IND_Debug|x64.ActiveCfg = Debug|x64
		{6C8069BD-5E8C-41EC-8BD9-2F819291BA67}.IND_Debug|x64.Build.0 = Debug|x64
		{6C8069BD-5E8C-41EC-8BD9-2F819291BA67}.IND_Debug|x86.ActiveCfg = z_IND_Debug|Win32
		{6C8069BD-5E8C-41EC-8BD9-2F819291BA67}.IND_Debug|x86.Build.0 = z_IND_Debug|Win32
		{6C8069BD-5E8C-41EC-8BD9-2F819291BA67}.IND_Release_publish|x64.ActiveCfg = Release|x64
		{6C8069BD-5E8C-41EC-8BD9-2F819291BA67}.IND_Release_publish|x64.Build.0 = Release|x64
		{6C8069BD-5E8C-41EC-8BD9-2F819291BA67}.IND_Release_publish|x86.ActiveCfg = z_IND_Release_publish|Win32
		{6C8069BD-5E8C-41EC-8BD9-2F819291BA67}.IND_Release_publish|x86.Build.0 = z_IND_Release_publish|Win32
		{6C8069BD-5E8C-41EC-8BD9-2F819291BA67}.INTER_Debug|x64.ActiveCfg = Debug|x64
		{6C8069BD-5E8C-41EC-8BD9-2F819291BA67}.INTER_Debug|x64.Build.0 = Debug|x64
		{6C8069BD-5E8C-41EC-8BD9-2F819291BA67}.INTER_Debug|x86.ActiveCfg = Debug|Win32
		{6C8069BD-5E8C-41EC-8BD9-2F819291BA67}.INTER_Debug|x86.Build.0 = Debug|Win32
		{6C8069BD-5E8C-41EC-8BD9-2F819291BA67}.INTER_Release_publish|x64.ActiveCfg = Release|x64
		{6C8069BD-5E8C-41EC-8BD9-2F819291BA67}.INTER_Release_publish|x64.Build.0 = Release|x64
		{6C8069BD-5E8C-41EC-8BD9-2F819291BA67}.INTER_Release_publish|x86.ActiveCfg = Release|Win32
		{6C8069BD-5E8C-41EC-8BD9-2F819291BA67}.INTER_Release_publish|x86.Build.0 = Release|Win32
		{6C8069BD-5E8C-41EC-8BD9-2F819291BA67}.JPN_Debug|x64.ActiveCfg = Debug|x64
		{6C8069BD-5E8C-41EC-8BD9-2F819291BA67}.JPN_Debug|x64.Build.0 = Debug|x64
		{6C8069BD-5E8C-41EC-8BD9-2F819291BA67}.JPN_Debug|x86.ActiveCfg = Debug|Win32
		{6C8069BD-5E8C-41EC-8BD9-2F819291BA67}.JPN_Debug|x86.Build.0 = Debug|Win32
		{6C8069BD-5E8C-41EC-8BD9-2F819291BA67}.JPN_Release_publish|x64.ActiveCfg = Release|x64
		{6C8069BD-5E8C-41EC-8BD9-2F819291BA67}.JPN_Release_publish|x64.Build.0 = Release|x64
		{6C8069BD-5E8C-41EC-8BD9-2F819291BA67}.JPN_Release_publish|x86.ActiveCfg = Release|Win32
		{6C8069BD-5E8C-41EC-8BD9-2F819291BA67}.JPN_Release_publish|x86.Build.0 = Release|Win32
		{6C8069BD-5E8C-41EC-8BD9-2F819291BA67}.KOR_Debug|x64.ActiveCfg = Debug|x64
		{6C8069BD-5E8C-41EC-8BD9-2F819291BA67}.KOR_Debug|x64.Build.0 = Debug|x64
		{6C8069BD-5E8C-41EC-8BD9-2F819291BA67}.KOR_Debug|x86.ActiveCfg = Debug|Win32
		{6C8069BD-5E8C-41EC-8BD9-2F819291BA67}.KOR_Debug|x86.Build.0 = Debug|Win32
		{6C8069BD-5E8C-41EC-8BD9-2F819291BA67}.KOR_Release_publish|x64.ActiveCfg = Release|x64
		{6C8069BD-5E8C-41EC-8BD9-2F819291BA67}.KOR_Release_publish|x64.Build.0 = Release|x64
		{6C8069BD-5E8C-41EC-8BD9-2F819291BA67}.KOR_Release_publish|x86.ActiveCfg = Release|Win32
		{6C8069BD-5E8C-41EC-8BD9-2F819291BA67}.KOR_Release_publish|x86.Build.0 = Release|Win32
		{6C8069BD-5E8C-41EC-8BD9-2F819291BA67}.Release_HShield|x64.ActiveCfg = Release_HShield|Win32
		{6C8069BD-5E8C-41EC-8BD9-2F819291BA67}.Release_HShield|x64.Build.0 = Release_HShield|Win32
		{6C8069BD-5E8C-41EC-8BD9-2F819291BA67}.Release_HShield|x86.ActiveCfg = Release_HShield|Win32
		{6C8069BD-5E8C-41EC-8BD9-2F819291BA67}.Release_HShield|x86.Build.0 = Release_HShield|Win32
		{6C8069BD-5E8C-41EC-8BD9-2F819291BA67}.Release_publish|x64.ActiveCfg = Release|x64
		{6C8069BD-5E8C-41EC-8BD9-2F819291BA67}.Release_publish|x64.Build.0 = Release|x64
		{6C8069BD-5E8C-41EC-8BD9-2F819291BA67}.Release_publish|x86.ActiveCfg = Release|Win32
		{6C8069BD-5E8C-41EC-8BD9-2F819291BA67}.Release_publish|x86.Build.0 = Release|Win32
		{6C8069BD-5E8C-41EC-8BD9-2F819291BA67}.Release_tracememory|x64.ActiveCfg = Release|x64
		{6C8069BD-5E8C-41EC-8BD9-2F819291BA67}.Release_tracememory|x64.Build.0 = Release|x64
		{6C8069BD-5E8C-41EC-8BD9-2F819291BA67}.Release_tracememory|x86.ActiveCfg = Release|Win32
		{6C8069BD-5E8C-41EC-8BD9-2F819291BA67}.Release_tracememory|x86.Build.0 = Release|Win32
		{6C8069BD-5E8C-41EC-8BD9-2F819291BA67}.Release|x64.ActiveCfg = Release|x64
		{6C8069BD-5E8C-41EC-8BD9-2F819291BA67}.Release|x64.Build.0 = Release|x64
		{6C8069BD-5E8C-41EC-8BD9-2F819291BA67}.Release|x86.ActiveCfg = Release|Win32
		{6C8069BD-5E8C-41EC-8BD9-2F819291BA67}.Release|x86.Build.0 = Release|Win32
		{6C8069BD-5E8C-41EC-8BD9-2F819291BA67}.ReleaseDll|x64.ActiveCfg = Release|x64
		{6C8069BD-5E8C-41EC-8BD9-2F819291BA67}.ReleaseDll|x64.Build.0 = Release|x64
		{6C8069BD-5E8C-41EC-8BD9-2F819291BA67}.ReleaseDll|x86.ActiveCfg = Release_HShield|Win32
		{6C8069BD-5E8C-41EC-8BD9-2F819291BA67}.ReleaseDll|x86.Build.0 = Release_HShield|Win32
		{6C8069BD-5E8C-41EC-8BD9-2F819291BA67}.USA_Debug|x64.ActiveCfg = Debug|x64
		{6C8069BD-5E8C-41EC-8BD9-2F819291BA67}.USA_Debug|x64.Build.0 = Debug|x64
		{6C8069BD-5E8C-41EC-8BD9-2F819291BA67}.USA_Debug|x86.ActiveCfg = Debug|Win32
		{6C8069BD-5E8C-41EC-8BD9-2F819291BA67}.USA_Debug|x86.Build.0 = Debug|Win32
		{6C8069BD-5E8C-41EC-8BD9-2F819291BA67}.USA_Release_publish|x64.ActiveCfg = Release|x64
		{6C8069BD-5E8C-41EC-8BD9-2F819291BA67}.USA_Release_publish|x64.Build.0 = Release|x64
		{6C8069BD-5E8C-41EC-8BD9-2F819291BA67}.USA_Release_publish|x86.ActiveCfg = Release|Win32
		{6C8069BD-5E8C-41EC-8BD9-2F819291BA67}.USA_Release_publish|x86.Build.0 = Release|Win32
		{6C8069BD-5E8C-41EC-8BD9-2F819291BA67}.z_BRZ_Debug|x64.ActiveCfg = z_BRZ_Debug|Win32
		{6C8069BD-5E8C-41EC-8BD9-2F819291BA67}.z_BRZ_Debug|x64.Build.0 = z_BRZ_Debug|Win32
		{6C8069BD-5E8C-41EC-8BD9-2F819291BA67}.z_BRZ_Debug|x86.ActiveCfg = z_BRZ_Debug|Win32
		{6C8069BD-5E8C-41EC-8BD9-2F819291BA67}.z_BRZ_Debug|x86.Build.0 = z_BRZ_Debug|Win32
		{6C8069BD-5E8C-41EC-8BD9-2F819291BA67}.z_BRZ_Release_publish|x64.ActiveCfg = z_BRZ_Release_publish|Win32
		{6C8069BD-5E8C-41EC-8BD9-2F819291BA67}.z_BRZ_Release_publish|x64.Build.0 = z_BRZ_Release_publish|Win32
		{6C8069BD-5E8C-41EC-8BD9-2F819291BA67}.z_BRZ_Release_publish|x86.ActiveCfg = z_BRZ_Release_publish|Win32
		{6C8069BD-5E8C-41EC-8BD9-2F819291BA67}.z_BRZ_Release_publish|x86.Build.0 = z_BRZ_Release_publish|Win32
		{6C8069BD-5E8C-41EC-8BD9-2F819291BA67}.z_IND_Debug|x64.ActiveCfg = z_IND_Debug|Win32
		{6C8069BD-5E8C-41EC-8BD9-2F819291BA67}.z_IND_Debug|x64.Build.0 = z_IND_Debug|Win32
		{6C8069BD-5E8C-41EC-8BD9-2F819291BA67}.z_IND_Debug|x86.ActiveCfg = z_IND_Debug|Win32
		{6C8069BD-5E8C-41EC-8BD9-2F819291BA67}.z_IND_Debug|x86.Build.0 = z_IND_Debug|Win32
		{6C8069BD-5E8C-41EC-8BD9-2F819291BA67}.z_IND_Release_publish|x64.ActiveCfg = z_IND_Release_publish|Win32
		{6C8069BD-5E8C-41EC-8BD9-2F819291BA67}.z_IND_Release_publish|x64.Build.0 = z_IND_Release_publish|Win32
		{6C8069BD-5E8C-41EC-8BD9-2F819291BA67}.z_IND_Release_publish|x86.ActiveCfg = z_IND_Release_publish|Win32
		{6C8069BD-5E8C-41EC-8BD9-2F819291BA67}.z_IND_Release_publish|x86.Build.0 = z_IND_Release_publish|Win32
		{98475FA7-BEA2-42EE-9B1C-31D9684D237B}._Encrypt_BRZ_Debug|x64.ActiveCfg = Debug|x64
		{98475FA7-BEA2-42EE-9B1C-31D9684D237B}._Encrypt_BRZ_Debug|x64.Build.0 = Debug|x64
		{98475FA7-BEA2-42EE-9B1C-31D9684D237B}._Encrypt_BRZ_Debug|x86.ActiveCfg = Debug|Win32
		{98475FA7-BEA2-42EE-9B1C-31D9684D237B}._Encrypt_BRZ_Debug|x86.Build.0 = Debug|Win32
		{98475FA7-BEA2-42EE-9B1C-31D9684D237B}._Encrypt_BRZ_Release_publish|x64.ActiveCfg = Release|x64
		{98475FA7-BEA2-42EE-9B1C-31D9684D237B}._Encrypt_BRZ_Release_publish|x64.Build.0 = Release|x64
		{98475FA7-BEA2-42EE-9B1C-31D9684D237B}._Encrypt_BRZ_Release_publish|x86.ActiveCfg = Release|Win32
		{98475FA7-BEA2-42EE-9B1C-31D9684D237B}._Encrypt_BRZ_Release_publish|x86.Build.0 = Release|Win32
		{98475FA7-BEA2-42EE-9B1C-31D9684D237B}._Encrypt_Debug|x64.ActiveCfg = Debug|x64
		{98475FA7-BEA2-42EE-9B1C-31D9684D237B}._Encrypt_Debug|x64.Build.0 = Debug|x64
		{98475FA7-BEA2-42EE-9B1C-31D9684D237B}._Encrypt_Debug|x86.ActiveCfg = Debug|Win32
		{98475FA7-BEA2-42EE-9B1C-31D9684D237B}._Encrypt_Debug|x86.Build.0 = Debug|Win32
		{98475FA7-BEA2-42EE-9B1C-31D9684D237B}._Encrypt_JPN_Debug|x64.ActiveCfg = Debug|x64
		{98475FA7-BEA2-42EE-9B1C-31D9684D237B}._Encrypt_JPN_Debug|x64.Build.0 = Debug|x64
		{98475FA7-BEA2-42EE-9B1C-31D9684D237B}._Encrypt_JPN_Debug|x86.ActiveCfg = Debug|Win32
		{98475FA7-BEA2-42EE-9B1C-31D9684D237B}._Encrypt_JPN_Debug|x86.Build.0 = Debug|Win32
		{98475FA7-BEA2-42EE-9B1C-31D9684D237B}._Encrypt_JPN_Release_publish|x64.ActiveCfg = Release|x64
		{98475FA7-BEA2-42EE-9B1C-31D9684D237B}._Encrypt_JPN_Release_publish|x64.Build.0 = Release|x64
		{98475FA7-BEA2-42EE-9B1C-31D9684D237B}._Encrypt_JPN_Release_publish|x86.ActiveCfg = Release|Win32
		{98475FA7-BEA2-42EE-9B1C-31D9684D237B}._Encrypt_JPN_Release_publish|x86.Build.0 = Release|Win32
		{98475FA7-BEA2-42EE-9B1C-31D9684D237B}._Encrypt_KOR_Debug|x64.ActiveCfg = Debug|x64
		{98475FA7-BEA2-42EE-9B1C-31D9684D237B}._Encrypt_KOR_Debug|x64.Build.0 = Debug|x64
		{98475FA7-BEA2-42EE-9B1C-31D9684D237B}._Encrypt_KOR_Debug|x86.ActiveCfg = Debug|Win32
		{98475FA7-BEA2-42EE-9B1C-31D9684D237B}._Encrypt_KOR_Debug|x86.Build.0 = Debug|Win32
		{98475FA7-BEA2-42EE-9B1C-31D9684D237B}._Encrypt_KOR_Release_publish|x64.ActiveCfg = Release|x64
		{98475FA7-BEA2-42EE-9B1C-31D9684D237B}._Encrypt_KOR_Release_publish|x64.Build.0 = Release|x64
		{98475FA7-BEA2-42EE-9B1C-31D9684D237B}._Encrypt_KOR_Release_publish|x86.ActiveCfg = Release|Win32
		{98475FA7-BEA2-42EE-9B1C-31D9684D237B}._Encrypt_KOR_Release_publish|x86.Build.0 = Release|Win32
		{98475FA7-BEA2-42EE-9B1C-31D9684D237B}._Encrypt_USA_Debug|x64.ActiveCfg = Debug|x64
		{98475FA7-BEA2-42EE-9B1C-31D9684D237B}._Encrypt_USA_Debug|x64.Build.0 = Debug|x64
		{98475FA7-BEA2-42EE-9B1C-31D9684D237B}._Encrypt_USA_Debug|x86.ActiveCfg = Debug|Win32
		{98475FA7-BEA2-42EE-9B1C-31D9684D237B}._Encrypt_USA_Debug|x86.Build.0 = Debug|Win32
		{98475FA7-BEA2-42EE-9B1C-31D9684D237B}._Encrypt_USA_Release_publish|x64.ActiveCfg = Release|x64
		{98475FA7-BEA2-42EE-9B1C-31D9684D237B}._Encrypt_USA_Release_publish|x64.Build.0 = Release|x64
		{98475FA7-BEA2-42EE-9B1C-31D9684D237B}._Encrypt_USA_Release_publish|x86.ActiveCfg = Release|Win32
		{98475FA7-BEA2-42EE-9B1C-31D9684D237B}._Encrypt_USA_Release_publish|x86.Build.0 = Release|Win32
		{98475FA7-BEA2-42EE-9B1C-31D9684D237B}.BRZ_Debug|x64.ActiveCfg = Debug|x64
		{98475FA7-BEA2-42EE-9B1C-31D9684D237B}.BRZ_Debug|x64.Build.0 = Debug|x64
		{98475FA7-BEA2-42EE-9B1C-31D9684D237B}.BRZ_Debug|x86.ActiveCfg = z_BRZ_Debug|Win32
		{98475FA7-BEA2-42EE-9B1C-31D9684D237B}.BRZ_Debug|x86.Build.0 = z_BRZ_Debug|Win32
		{98475FA7-BEA2-42EE-9B1C-31D9684D237B}.BRZ_Release_publish|x64.ActiveCfg = Release|x64
		{98475FA7-BEA2-42EE-9B1C-31D9684D237B}.BRZ_Release_publish|x64.Build.0 = Release|x64
		{98475FA7-BEA2-42EE-9B1C-31D9684D237B}.BRZ_Release_publish|x86.ActiveCfg = z_BRZ_Release_publish|Win32
		{98475FA7-BEA2-42EE-9B1C-31D9684D237B}.BRZ_Release_publish|x86.Build.0 = z_BRZ_Release_publish|Win32
		{98475FA7-BEA2-42EE-9B1C-31D9684D237B}.Debug_tracememory|x64.ActiveCfg = Debug|x64
		{98475FA7-BEA2-42EE-9B1C-31D9684D237B}.Debug_tracememory|x64.Build.0 = Debug|x64
		{98475FA7-BEA2-42EE-9B1C-31D9684D237B}.Debug_tracememory|x86.ActiveCfg = Debug|Win32
		{98475FA7-BEA2-42EE-9B1C-31D9684D237B}.Debug_tracememory|x86.Build.0 = Debug|Win32
		{98475FA7-BEA2-42EE-9B1C-31D9684D237B}.Debug|x64.ActiveCfg = Debug|x64
		{98475FA7-BEA2-42EE-9B1C-31D9684D237B}.Debug|x64.Build.0 = Debug|x64
		{98475FA7-BEA2-42EE-9B1C-31D9684D237B}.Debug|x86.ActiveCfg = Debug|Win32
		{98475FA7-BEA2-42EE-9B1C-31D9684D237B}.Debug|x86.Build.0 = Debug|Win32
		{98475FA7-BEA2-42EE-9B1C-31D9684D237B}.DebugDll|x64.ActiveCfg = Debug|x64
		{98475FA7-BEA2-42EE-9B1C-31D9684D237B}.DebugDll|x64.Build.0 = Debug|x64
		{98475FA7-BEA2-42EE-9B1C-31D9684D237B}.DebugDll|x86.ActiveCfg = Debug|Win32
		{98475FA7-BEA2-42EE-9B1C-31D9684D237B}.DebugDll|x86.Build.0 = Debug|Win32
		{98475FA7-BEA2-42EE-9B1C-31D9684D237B}.IND_Debug|x64.ActiveCfg = Debug|x64
		{98475FA7-BEA2-42EE-9B1C-31D9684D237B}.IND_Debug|x64.Build.0 = Debug|x64
		{98475FA7-BEA2-42EE-9B1C-31D9684D237B}.IND_Debug|x86.ActiveCfg = z_IND_Debug|Win32
		{98475FA7-BEA2-42EE-9B1C-31D9684D237B}.IND_Debug|x86.Build.0 = z_IND_Debug|Win32
		{98475FA7-BEA2-42EE-9B1C-31D9684D237B}.IND_Release_publish|x64.ActiveCfg = Release|x64
		{98475FA7-BEA2-42EE-9B1C-31D9684D237B}.IND_Release_publish|x64.Build.0 = Release|x64
		{98475FA7-BEA2-42EE-9B1C-31D9684D237B}.IND_Release_publish|x86.ActiveCfg = z_IND_Release_publish|Win32
		{98475FA7-BEA2-42EE-9B1C-31D9684D237B}.IND_Release_publish|x86.Build.0 = z_IND_Release_publish|Win32
		{98475FA7-BEA2-42EE-9B1C-31D9684D237B}.INTER_Debug|x64.ActiveCfg = Debug|x64
		{98475FA7-BEA2-42EE-9B1C-31D9684D237B}.INTER_Debug|x64.Build.0 = Debug|x64
		{98475FA7-BEA2-42EE-9B1C-31D9684D237B}.INTER_Debug|x86.ActiveCfg = Debug|Win32
		{98475FA7-BEA2-42EE-9B1C-31D9684D237B}.INTER_Debug|x86.Build.0 = Debug|Win32
		{98475FA7-BEA2-42EE-9B1C-31D9684D237B}.INTER_Release_publish|x64.ActiveCfg = Release|x64
		{98475FA7-BEA2-42EE-9B1C-31D9684D237B}.INTER_Release_publish|x64.Build.0 = Release|x64
		{98475FA7-BEA2-42EE-9B1C-31D9684D237B}.INTER_Release_publish|x86.ActiveCfg = Release|Win32
		{98475FA7-BEA2-42EE-9B1C-31D9684D237B}.INTER_Release_publish|x86.Build.0 = Release|Win32
		{98475FA7-BEA2-42EE-9B1C-31D9684D237B}.JPN_Debug|x64.ActiveCfg = Debug|x64
		{98475FA7-BEA2-42EE-9B1C-31D9684D237B}.JPN_Debug|x64.Build.0 = Debug|x64
		{98475FA7-BEA2-42EE-9B1C-31D9684D237B}.JPN_Debug|x86.ActiveCfg = Debug|Win32
		{98475FA7-BEA2-42EE-9B1C-31D9684D237B}.JPN_Debug|x86.Build.0 = Debug|Win32
		{98475FA7-BEA2-42EE-9B1C-31D9684D237B}.JPN_Release_publish|x64.ActiveCfg = Release|x64
		{98475FA7-BEA2-42EE-9B1C-31D9684D237B}.JPN_Release_publish|x64.Build.0 = Release|x64
		{98475FA7-BEA2-42EE-9B1C-31D9684D237B}.JPN_Release_publish|x86.ActiveCfg = Release|Win32
		{98475FA7-BEA2-42EE-9B1C-31D9684D237B}.JPN_Release_publish|x86.Build.0 = Release|Win32
		{98475FA7-BEA2-42EE-9B1C-31D9684D237B}.KOR_Debug|x64.ActiveCfg = Debug|x64
		{98475FA7-BEA2-42EE-9B1C-31D9684D237B}.KOR_Debug|x64.Build.0 = Debug|x64
		{98475FA7-BEA2-42EE-9B1C-31D9684D237B}.KOR_Debug|x86.ActiveCfg = Debug|Win32
		{98475FA7-BEA2-42EE-9B1C-31D9684D237B}.KOR_Debug|x86.Build.0 = Debug|Win32
		{98475FA7-BEA2-42EE-9B1C-31D9684D237B}.KOR_Release_publish|x64.ActiveCfg = Release|x64
		{98475FA7-BEA2-42EE-9B1C-31D9684D237B}.KOR_Release_publish|x64.Build.0 = Release|x64
		{98475FA7-BEA2-42EE-9B1C-31D9684D237B}.KOR_Release_publish|x86.ActiveCfg = Release|Win32
		{98475FA7-BEA2-42EE-9B1C-31D9684D237B}.KOR_Release_publish|x86.Build.0 = Release|Win32
		{98475FA7-BEA2-42EE-9B1C-31D9684D237B}.Release_HShield|x64.ActiveCfg = Release_HShield|Win32
		{98475FA7-BEA2-42EE-9B1C-31D9684D237B}.Release_HShield|x64.Build.0 = Release_HShield|Win32
		{98475FA7-BEA2-42EE-9B1C-31D9684D237B}.Release_HShield|x86.ActiveCfg = Release_HShield|Win32
		{98475FA7-BEA2-42EE-9B1C-31D9684D237B}.Release_HShield|x86.Build.0 = Release_HShield|Win32
		{98475FA7-BEA2-42EE-9B1C-31D9684D237B}.Release_publish|x64.ActiveCfg = z_IND_Release_publish|Win32
		{98475FA7-BEA2-42EE-9B1C-31D9684D237B}.Release_publish|x64.Build.0 = z_IND_Release_publish|Win32
		{98475FA7-BEA2-42EE-9B1C-31D9684D237B}.Release_publish|x86.ActiveCfg = z_IND_Release_publish|Win32
		{98475FA7-BEA2-42EE-9B1C-31D9684D237B}.Release_publish|x86.Build.0 = z_IND_Release_publish|Win32
		{98475FA7-BEA2-42EE-9B1C-31D9684D237B}.Release_tracememory|x64.ActiveCfg = Release_HShield|Win32
		{98475FA7-BEA2-42EE-9B1C-31D9684D237B}.Release_tracememory|x64.Build.0 = Release_HShield|Win32
		{98475FA7-BEA2-42EE-9B1C-31D9684D237B}.Release_tracememory|x86.ActiveCfg = Release_HShield|Win32
		{98475FA7-BEA2-42EE-9B1C-31D9684D237B}.Release_tracememory|x86.Build.0 = Release_HShield|Win32
		{98475FA7-BEA2-42EE-9B1C-31D9684D237B}.Release|x64.ActiveCfg = Release|x64
		{98475FA7-BEA2-42EE-9B1C-31D9684D237B}.Release|x64.Build.0 = Release|x64
		{98475FA7-BEA2-42EE-9B1C-31D9684D237B}.Release|x86.ActiveCfg = Release|Win32
		{98475FA7-BEA2-42EE-9B1C-31D9684D237B}.Release|x86.Build.0 = Release|Win32
		{98475FA7-BEA2-42EE-9B1C-31D9684D237B}.ReleaseDll|x64.ActiveCfg = Release|x64
		{98475FA7-BEA2-42EE-9B1C-31D9684D237B}.ReleaseDll|x64.Build.0 = Release|x64
		{98475FA7-BEA2-42EE-9B1C-31D9684D237B}.ReleaseDll|x86.ActiveCfg = Release_HShield|Win32
		{98475FA7-BEA2-42EE-9B1C-31D9684D237B}.ReleaseDll|x86.Build.0 = Release_HShield|Win32
		{98475FA7-BEA2-42EE-9B1C-31D9684D237B}.USA_Debug|x64.ActiveCfg = Debug|x64
		{98475FA7-BEA2-42EE-9B1C-31D9684D237B}.USA_Debug|x64.Build.0 = Debug|x64
		{98475FA7-BEA2-42EE-9B1C-31D9684D237B}.USA_Debug|x86.ActiveCfg = Debug|Win32
		{98475FA7-BEA2-42EE-9B1C-31D9684D237B}.USA_Debug|x86.Build.0 = Debug|Win32
		{98475FA7-BEA2-42EE-9B1C-31D9684D237B}.USA_Release_publish|x64.ActiveCfg = Release|x64
		{98475FA7-BEA2-42EE-9B1C-31D9684D237B}.USA_Release_publish|x64.Build.0 = Release|x64
		{98475FA7-BEA2-42EE-9B1C-31D9684D237B}.USA_Release_publish|x86.ActiveCfg = Release|Win32
		{98475FA7-BEA2-42EE-9B1C-31D9684D237B}.USA_Release_publish|x86.Build.0 = Release|Win32
		{98475FA7-BEA2-42EE-9B1C-31D9684D237B}.z_BRZ_Debug|x64.ActiveCfg = z_BRZ_Debug|Win32
		{98475FA7-BEA2-42EE-9B1C-31D9684D237B}.z_BRZ_Debug|x64.Build.0 = z_BRZ_Debug|Win32
		{98475FA7-BEA2-42EE-9B1C-31D9684D237B}.z_BRZ_Debug|x86.ActiveCfg = z_BRZ_Debug|Win32
		{98475FA7-BEA2-42EE-9B1C-31D9684D237B}.z_BRZ_Debug|x86.Build.0 = z_BRZ_Debug|Win32
		{98475FA7-BEA2-42EE-9B1C-31D9684D237B}.z_BRZ_Release_publish|x64.ActiveCfg = z_BRZ_Release_publish|Win32
		{98475FA7-BEA2-42EE-9B1C-31D9684D237B}.z_BRZ_Release_publish|x64.Build.0 = z_BRZ_Release_publish|Win32
		{98475FA7-BEA2-42EE-9B1C-31D9684D237B}.z_BRZ_Release_publish|x86.ActiveCfg = z_BRZ_Release_publish|Win32
		{98475FA7-BEA2-42EE-9B1C-31D9684D237B}.z_BRZ_Release_publish|x86.Build.0 = z_BRZ_Release_publish|Win32
		{98475FA7-BEA2-42EE-9B1C-31D9684D237B}.z_IND_Debug|x64.ActiveCfg = z_IND_Debug|Win32
		{98475FA7-BEA2-42EE-9B1C-31D9684D237B}.z_IND_Debug|x64.Build.0 = z_IND_Debug|Win32
		{98475FA7-BEA2-42EE-9B1C-31D9684D237B}.z_IND_Debug|x86.ActiveCfg = z_IND_Debug|Win32
		{98475FA7-BEA2-42EE-9B1C-31D9684D237B}.z_IND_Debug|x86.Build.0 = z_IND_Debug|Win32
		{98475FA7-BEA2-42EE-9B1C-31D9684D237B}.z_IND_Release_publish|x64.ActiveCfg = z_IND_Release_publish|Win32
		{98475FA7-BEA2-42EE-9B1C-31D9684D237B}.z_IND_Release_publish|x64.Build.0 = z_IND_Release_publish|Win32
		{98475FA7-BEA2-42EE-9B1C-31D9684D237B}.z_IND_Release_publish|x86.ActiveCfg = z_IND_Release_publish|Win32
		{98475FA7-BEA2-42EE-9B1C-31D9684D237B}.z_IND_Release_publish|x86.Build.0 = z_IND_Release_publish|Win32
		{43FAAF56-EA88-4D3F-95B7-14A0582F3290}._Encrypt_BRZ_Debug|x64.ActiveCfg = Debug|x64
		{43FAAF56-EA88-4D3F-95B7-14A0582F3290}._Encrypt_BRZ_Debug|x64.Build.0 = Debug|x64
		{43FAAF56-EA88-4D3F-95B7-14A0582F3290}._Encrypt_BRZ_Debug|x86.ActiveCfg = Debug|Win32
		{43FAAF56-EA88-4D3F-95B7-14A0582F3290}._Encrypt_BRZ_Debug|x86.Build.0 = Debug|Win32
		{43FAAF56-EA88-4D3F-95B7-14A0582F3290}._Encrypt_BRZ_Release_publish|x64.ActiveCfg = Release|x64
		{43FAAF56-EA88-4D3F-95B7-14A0582F3290}._Encrypt_BRZ_Release_publish|x64.Build.0 = Release|x64
		{43FAAF56-EA88-4D3F-95B7-14A0582F3290}._Encrypt_BRZ_Release_publish|x86.ActiveCfg = Release|Win32
		{43FAAF56-EA88-4D3F-95B7-14A0582F3290}._Encrypt_BRZ_Release_publish|x86.Build.0 = Release|Win32
		{43FAAF56-EA88-4D3F-95B7-14A0582F3290}._Encrypt_Debug|x64.ActiveCfg = Debug|x64
		{43FAAF56-EA88-4D3F-95B7-14A0582F3290}._Encrypt_Debug|x64.Build.0 = Debug|x64
		{43FAAF56-EA88-4D3F-95B7-14A0582F3290}._Encrypt_Debug|x86.ActiveCfg = Debug|Win32
		{43FAAF56-EA88-4D3F-95B7-14A0582F3290}._Encrypt_Debug|x86.Build.0 = Debug|Win32
		{43FAAF56-EA88-4D3F-95B7-14A0582F3290}._Encrypt_JPN_Debug|x64.ActiveCfg = Debug|x64
		{43FAAF56-EA88-4D3F-95B7-14A0582F3290}._Encrypt_JPN_Debug|x64.Build.0 = Debug|x64
		{43FAAF56-EA88-4D3F-95B7-14A0582F3290}._Encrypt_JPN_Debug|x86.ActiveCfg = Debug|Win32
		{43FAAF56-EA88-4D3F-95B7-14A0582F3290}._Encrypt_JPN_Debug|x86.Build.0 = Debug|Win32
		{43FAAF56-EA88-4D3F-95B7-14A0582F3290}._Encrypt_JPN_Release_publish|x64.ActiveCfg = Release|x64
		{43FAAF56-EA88-4D3F-95B7-14A0582F3290}._Encrypt_JPN_Release_publish|x64.Build.0 = Release|x64
		{43FAAF56-EA88-4D3F-95B7-14A0582F3290}._Encrypt_JPN_Release_publish|x86.ActiveCfg = Release|Win32
		{43FAAF56-EA88-4D3F-95B7-14A0582F3290}._Encrypt_JPN_Release_publish|x86.Build.0 = Release|Win32
		{43FAAF56-EA88-4D3F-95B7-14A0582F3290}._Encrypt_KOR_Debug|x64.ActiveCfg = Debug|x64
		{43FAAF56-EA88-4D3F-95B7-14A0582F3290}._Encrypt_KOR_Debug|x64.Build.0 = Debug|x64
		{43FAAF56-EA88-4D3F-95B7-14A0582F3290}._Encrypt_KOR_Debug|x86.ActiveCfg = Debug|Win32
		{43FAAF56-EA88-4D3F-95B7-14A0582F3290}._Encrypt_KOR_Debug|x86.Build.0 = Debug|Win32
		{43FAAF56-EA88-4D3F-95B7-14A0582F3290}._Encrypt_KOR_Release_publish|x64.ActiveCfg = Release|x64
		{43FAAF56-EA88-4D3F-95B7-14A0582F3290}._Encrypt_KOR_Release_publish|x64.Build.0 = Release|x64
		{43FAAF56-EA88-4D3F-95B7-14A0582F3290}._Encrypt_KOR_Release_publish|x86.ActiveCfg = Release|Win32
		{43FAAF56-EA88-4D3F-95B7-14A0582F3290}._Encrypt_KOR_Release_publish|x86.Build.0 = Release|Win32
		{43FAAF56-EA88-4D3F-95B7-14A0582F3290}._Encrypt_USA_Debug|x64.ActiveCfg = Debug|x64
		{43FAAF56-EA88-4D3F-95B7-14A0582F3290}._Encrypt_USA_Debug|x64.Build.0 = Debug|x64
		{43FAAF56-EA88-4D3F-95B7-14A0582F3290}._Encrypt_USA_Debug|x86.ActiveCfg = Debug|Win32
		{43FAAF56-EA88-4D3F-95B7-14A0582F3290}._Encrypt_USA_Debug|x86.Build.0 = Debug|Win32
		{43FAAF56-EA88-4D3F-95B7-14A0582F3290}._Encrypt_USA_Release_publish|x64.ActiveCfg = Release|x64
		{43FAAF56-EA88-4D3F-95B7-14A0582F3290}._Encrypt_USA_Release_publish|x64.Build.0 = Release|x64
		{43FAAF56-EA88-4D3F-95B7-14A0582F3290}._Encrypt_USA_Release_publish|x86.ActiveCfg = Release|Win32
		{43FAAF56-EA88-4D3F-95B7-14A0582F3290}._Encrypt_USA_Release_publish|x86.Build.0 = Release|Win32
		{43FAAF56-EA88-4D3F-95B7-14A0582F3290}.BRZ_Debug|x64.ActiveCfg = Debug|x64
		{43FAAF56-EA88-4D3F-95B7-14A0582F3290}.BRZ_Debug|x64.Build.0 = Debug|x64
		{43FAAF56-EA88-4D3F-95B7-14A0582F3290}.BRZ_Debug|x86.ActiveCfg = z_BRZ_Debug|Win32
		{43FAAF56-EA88-4D3F-95B7-14A0582F3290}.BRZ_Debug|x86.Build.0 = z_BRZ_Debug|Win32
		{43FAAF56-EA88-4D3F-95B7-14A0582F3290}.BRZ_Release_publish|x64.ActiveCfg = Release|x64
		{43FAAF56-EA88-4D3F-95B7-14A0582F3290}.BRZ_Release_publish|x64.Build.0 = Release|x64
		{43FAAF56-EA88-4D3F-95B7-14A0582F3290}.BRZ_Release_publish|x86.ActiveCfg = z_BRZ_Release_publish|Win32
		{43FAAF56-EA88-4D3F-95B7-14A0582F3290}.BRZ_Release_publish|x86.Build.0 = z_BRZ_Release_publish|Win32
		{43FAAF56-EA88-4D3F-95B7-14A0582F3290}.Debug_tracememory|x64.ActiveCfg = Debug|x64
		{43FAAF56-EA88-4D3F-95B7-14A0582F3290}.Debug_tracememory|x64.Build.0 = Debug|x64
		{43FAAF56-EA88-4D3F-95B7-14A0582F3290}.Debug_tracememory|x86.ActiveCfg = Debug|Win32
		{43FAAF56-EA88-4D3F-95B7-14A0582F3290}.Debug_tracememory|x86.Build.0 = Debug|Win32
		{43FAAF56-EA88-4D3F-95B7-14A0582F3290}.Debug|x64.ActiveCfg = Debug|x64
		{43FAAF56-EA88-4D3F-95B7-14A0582F3290}.Debug|x64.Build.0 = Debug|x64
		{43FAAF56-EA88-4D3F-95B7-14A0582F3290}.Debug|x86.ActiveCfg = Debug|Win32
		{43FAAF56-EA88-4D3F-95B7-14A0582F3290}.Debug|x86.Build.0 = Debug|Win32
		{43FAAF56-EA88-4D3F-95B7-14A0582F3290}.DebugDll|x64.ActiveCfg = Debug|x64
		{43FAAF56-EA88-4D3F-95B7-14A0582F3290}.DebugDll|x64.Build.0 = Debug|x64
		{43FAAF56-EA88-4D3F-95B7-14A0582F3290}.DebugDll|x86.ActiveCfg = Debug|Win32
		{43FAAF56-EA88-4D3F-95B7-14A0582F3290}.DebugDll|x86.Build.0 = Debug|Win32
		{43FAAF56-EA88-4D3F-95B7-14A0582F3290}.IND_Debug|x64.ActiveCfg = Debug|x64
		{43FAAF56-EA88-4D3F-95B7-14A0582F3290}.IND_Debug|x64.Build.0 = Debug|x64
		{43FAAF56-EA88-4D3F-95B7-14A0582F3290}.IND_Debug|x86.ActiveCfg = z_IND_Debug|Win32
		{43FAAF56-EA88-4D3F-95B7-14A0582F3290}.IND_Debug|x86.Build.0 = z_IND_Debug|Win32
		{43FAAF56-EA88-4D3F-95B7-14A0582F3290}.IND_Release_publish|x64.ActiveCfg = Release|x64
		{43FAAF56-EA88-4D3F-95B7-14A0582F3290}.IND_Release_publish|x64.Build.0 = Release|x64
		{43FAAF56-EA88-4D3F-95B7-14A0582F3290}.IND_Release_publish|x86.ActiveCfg = z_IND_Release_publish|Win32
		{43FAAF56-EA88-4D3F-95B7-14A0582F3290}.IND_Release_publish|x86.Build.0 = z_IND_Release_publish|Win32
		{43FAAF56-EA88-4D3F-95B7-14A0582F3290}.INTER_Debug|x64.ActiveCfg = Debug|x64
		{43FAAF56-EA88-4D3F-95B7-14A0582F3290}.INTER_Debug|x64.Build.0 = Debug|x64
		{43FAAF56-EA88-4D3F-95B7-14A0582F3290}.INTER_Debug|x86.ActiveCfg = Debug|Win32
		{43FAAF56-EA88-4D3F-95B7-14A0582F3290}.INTER_Debug|x86.Build.0 = Debug|Win32
		{43FAAF56-EA88-4D3F-95B7-14A0582F3290}.INTER_Release_publish|x64.ActiveCfg = Release|x64
		{43FAAF56-EA88-4D3F-95B7-14A0582F3290}.INTER_Release_publish|x64.Build.0 = Release|x64
		{43FAAF56-EA88-4D3F-95B7-14A0582F3290}.INTER_Release_publish|x86.ActiveCfg = Release|Win32
		{43FAAF56-EA88-4D3F-95B7-14A0582F3290}.INTER_Release_publish|x86.Build.0 = Release|Win32
		{43FAAF56-EA88-4D3F-95B7-14A0582F3290}.JPN_Debug|x64.ActiveCfg = Debug|x64
		{43FAAF56-EA88-4D3F-95B7-14A0582F3290}.JPN_Debug|x64.Build.0 = Debug|x64
		{43FAAF56-EA88-4D3F-95B7-14A0582F3290}.JPN_Debug|x86.ActiveCfg = Debug|Win32
		{43FAAF56-EA88-4D3F-95B7-14A0582F3290}.JPN_Debug|x86.Build.0 = Debug|Win32
		{43FAAF56-EA88-4D3F-95B7-14A0582F3290}.JPN_Release_publish|x64.ActiveCfg = Release|x64
		{43FAAF56-EA88-4D3F-95B7-14A0582F3290}.JPN_Release_publish|x64.Build.0 = Release|x64
		{43FAAF56-EA88-4D3F-95B7-14A0582F3290}.JPN_Release_publish|x86.ActiveCfg = Release|Win32
		{43FAAF56-EA88-4D3F-95B7-14A0582F3290}.JPN_Release_publish|x86.Build.0 = Release|Win32
		{43FAAF56-EA88-4D3F-95B7-14A0582F3290}.KOR_Debug|x64.ActiveCfg = Debug|x64
		{43FAAF56-EA88-4D3F-95B7-14A0582F3290}.KOR_Debug|x64.Build.0 = Debug|x64
		{43FAAF56-EA88-4D3F-95B7-14A0582F3290}.KOR_Debug|x86.ActiveCfg = Debug|Win32
		{43FAAF56-EA88-4D3F-95B7-14A0582F3290}.KOR_Debug|x86.Build.0 = Debug|Win32
		{43FAAF56-EA88-4D3F-95B7-14A0582F3290}.KOR_Release_publish|x64.ActiveCfg = Release|x64
		{43FAAF56-EA88-4D3F-95B7-14A0582F3290}.KOR_Release_publish|x64.Build.0 = Release|x64
		{43FAAF56-EA88-4D3F-95B7-14A0582F3290}.KOR_Release_publish|x86.ActiveCfg = Release|Win32
		{43FAAF56-EA88-4D3F-95B7-14A0582F3290}.KOR_Release_publish|x86.Build.0 = Release|Win32
		{43FAAF56-EA88-4D3F-95B7-14A0582F3290}.Release_HShield|x64.ActiveCfg = Release_HShield|Win32
		{43FAAF56-EA88-4D3F-95B7-14A0582F3290}.Release_HShield|x64.Build.0 = Release_HShield|Win32
		{43FAAF56-EA88-4D3F-95B7-14A0582F3290}.Release_HShield|x86.ActiveCfg = Release_HShield|Win32
		{43FAAF56-EA88-4D3F-95B7-14A0582F3290}.Release_HShield|x86.Build.0 = Release_HShield|Win32
		{43FAAF56-EA88-4D3F-95B7-14A0582F3290}.Release_publish|x64.ActiveCfg = z_IND_Release_publish|Win32
		{43FAAF56-EA88-4D3F-95B7-14A0582F3290}.Release_publish|x64.Build.0 = z_IND_Release_publish|Win32
		{43FAAF56-EA88-4D3F-95B7-14A0582F3290}.Release_publish|x86.ActiveCfg = z_IND_Release_publish|Win32
		{43FAAF56-EA88-4D3F-95B7-14A0582F3290}.Release_publish|x86.Build.0 = z_IND_Release_publish|Win32
		{43FAAF56-EA88-4D3F-95B7-14A0582F3290}.Release_tracememory|x64.ActiveCfg = Release_HShield|Win32
		{43FAAF56-EA88-4D3F-95B7-14A0582F3290}.Release_tracememory|x64.Build.0 = Release_HShield|Win32
		{43FAAF56-EA88-4D3F-95B7-14A0582F3290}.Release_tracememory|x86.ActiveCfg = Release_HShield|Win32
		{43FAAF56-EA88-4D3F-95B7-14A0582F3290}.Release_tracememory|x86.Build.0 = Release_HShield|Win32
		{43FAAF56-EA88-4D3F-95B7-14A0582F3290}.Release|x64.ActiveCfg = Release|x64
		{43FAAF56-EA88-4D3F-95B7-14A0582F3290}.Release|x64.Build.0 = Release|x64
		{43FAAF56-EA88-4D3F-95B7-14A0582F3290}.Release|x86.ActiveCfg = Release|Win32
		{43FAAF56-EA88-4D3F-95B7-14A0582F3290}.Release|x86.Build.0 = Release|Win32
		{43FAAF56-EA88-4D3F-95B7-14A0582F3290}.ReleaseDll|x64.ActiveCfg = Release|x64
		{43FAAF56-EA88-4D3F-95B7-14A0582F3290}.ReleaseDll|x64.Build.0 = Release|x64
		{43FAAF56-EA88-4D3F-95B7-14A0582F3290}.ReleaseDll|x86.ActiveCfg = Release_HShield|Win32
		{43FAAF56-EA88-4D3F-95B7-14A0582F3290}.ReleaseDll|x86.Build.0 = Release_HShield|Win32
		{43FAAF56-EA88-4D3F-95B7-14A0582F3290}.USA_Debug|x64.ActiveCfg = Debug|x64
		{43FAAF56-EA88-4D3F-95B7-14A0582F3290}.USA_Debug|x64.Build.0 = Debug|x64
		{43FAAF56-EA88-4D3F-95B7-14A0582F3290}.USA_Debug|x86.ActiveCfg = Debug|Win32
		{43FAAF56-EA88-4D3F-95B7-14A0582F3290}.USA_Debug|x86.Build.0 = Debug|Win32
		{43FAAF56-EA88-4D3F-95B7-14A0582F3290}.USA_Release_publish|x64.ActiveCfg = Release|x64
		{43FAAF56-EA88-4D3F-95B7-14A0582F3290}.USA_Release_publish|x64.Build.0 = Release|x64
		{43FAAF56-EA88-4D3F-95B7-14A0582F3290}.USA_Release_publish|x86.ActiveCfg = Release|Win32
		{43FAAF56-EA88-4D3F-95B7-14A0582F3290}.USA_Release_publish|x86.Build.0 = Release|Win32
		{43FAAF56-EA88-4D3F-95B7-14A0582F3290}.z_BRZ_Debug|x64.ActiveCfg = z_BRZ_Debug|Win32
		{43FAAF56-EA88-4D3F-95B7-14A0582F3290}.z_BRZ_Debug|x64.Build.0 = z_BRZ_Debug|Win32
		{43FAAF56-EA88-4D3F-95B7-14A0582F3290}.z_BRZ_Debug|x86.ActiveCfg = z_BRZ_Debug|Win32
		{43FAAF56-EA88-4D3F-95B7-14A0582F3290}.z_BRZ_Debug|x86.Build.0 = z_BRZ_Debug|Win32
		{43FAAF56-EA88-4D3F-95B7-14A0582F3290}.z_BRZ_Release_publish|x64.ActiveCfg = z_BRZ_Release_publish|Win32
		{43FAAF56-EA88-4D3F-95B7-14A0582F3290}.z_BRZ_Release_publish|x64.Build.0 = z_BRZ_Release_publish|Win32
		{43FAAF56-EA88-4D3F-95B7-14A0582F3290}.z_BRZ_Release_publish|x86.ActiveCfg = z_BRZ_Release_publish|Win32
		{43FAAF56-EA88-4D3F-95B7-14A0582F3290}.z_BRZ_Release_publish|x86.Build.0 = z_BRZ_Release_publish|Win32
		{43FAAF56-EA88-4D3F-95B7-14A0582F3290}.z_IND_Debug|x64.ActiveCfg = z_IND_Debug|Win32
		{43FAAF56-EA88-4D3F-95B7-14A0582F3290}.z_IND_Debug|x64.Build.0 = z_IND_Debug|Win32
		{43FAAF56-EA88-4D3F-95B7-14A0582F3290}.z_IND_Debug|x86.ActiveCfg = z_IND_Debug|Win32
		{43FAAF56-EA88-4D3F-95B7-14A0582F3290}.z_IND_Debug|x86.Build.0 = z_IND_Debug|Win32
		{43FAAF56-EA88-4D3F-95B7-14A0582F3290}.z_IND_Release_publish|x64.ActiveCfg = z_IND_Release_publish|Win32
		{43FAAF56-EA88-4D3F-95B7-14A0582F3290}.z_IND_Release_publish|x64.Build.0 = z_IND_Release_publish|Win32
		{43FAAF56-EA88-4D3F-95B7-14A0582F3290}.z_IND_Release_publish|x86.ActiveCfg = z_IND_Release_publish|Win32
		{43FAAF56-EA88-4D3F-95B7-14A0582F3290}.z_IND_Release_publish|x86.Build.0 = z_IND_Release_publish|Win32
	EndGlobalSection
	GlobalSection(SolutionProperties) = preSolution
		HideSolutionNode = FALSE
	EndGlobalSection
	GlobalSection(ExtensibilityGlobals) = postSolution
		SolutionGuid = {A0B9ACB3-C5FD-4B5E-9F11-FF7E1BCB1876}
	EndGlobalSection
EndGlobal
