Microsoft Visual Studio Solution File, Format Version 12.00
# Visual Studio 2012
Project("{8BC9CEB8-8B4A-11D0-8D11-00A0C91BC942}") = "GunzLauncher", "GunzLauncher.vcxproj", "{E5409435-7673-44F0-BD1D-96A33CF12DDD}"
EndProject
Global
	GlobalSection(SolutionConfigurationPlatforms) = preSolution
		Debug|Win32 = Debug|Win32
		Release|Win32 = Release|Win32
	EndGlobalSection
	GlobalSection(ProjectConfigurationPlatforms) = postSolution
		{E5409435-7673-44F0-BD1D-96A33CF12DDD}.Debug|Win32.ActiveCfg = Debug|Win32
		{E5409435-7673-44F0-BD1D-96A33CF12DDD}.Debug|Win32.Build.0 = Debug|Win32
		{E5409435-7673-44F0-BD1D-96A33CF12DDD}.Release|Win32.ActiveCfg = Release|Win32
		{E5409435-7673-44F0-BD1D-96A33CF12DDD}.Release|Win32.Build.0 = Release|Win32
	EndGlobalSection
	GlobalSection(SolutionProperties) = preSolution
		HideSolutionNode = FALSE
	EndGlobalSection
EndGlobal
